
Microsoft Visual Studio Solution File, Format Version 12.00
# Visual Studio Version 17
VisualStudioVersion = 17.1.32421.90
MinimumVisualStudioVersion = 10.0.40219.1
Project("{2150E333-8FDC-42A3-9474-1A3956D46DE8}") = "Solution Items", "Solution Items", "{ED0EE32E-392F-4848-B0F6-5C13C628A4A9}"
	ProjectSection(SolutionItems) = preProject
		Common\BuildNumber.h = Common\BuildNumber.h
		Common\commonAssemblyInfo.prg = Common\commonAssemblyInfo.prg
		Common\Constants.cs = Common\Constants.cs
		Common\constants.prg = Common\constants.prg
		VisualStudio\README.md = VisualStudio\README.md
		Tools\SHFB\readme.txt = Tools\SHFB\readme.txt
		Common\version.xh = Common\version.xh
	EndProjectSection
EndProject
Project("{AA6C8D78-22FF-423A-9C7C-5F2393824E04}") = "XPorter", "Tools\XPorter\XPorter.xsproj", "{8A49A47C-ADE7-416C-8B28-CD3B401CBC25}"
EndProject
Project("{FAE04EC0-301F-11D3-BF4B-00C04F79EFBC}") = "VsVersionCheck", "Tools\SetupCheck\VsVersionCheck.csproj", "{B9AA5DD9-28D1-445D-8FDD-6195DC479BCC}"
EndProject
Project("{AA6C8D78-22FF-423A-9C7C-5F2393824E04}") = "RegisterProvider", "Tools\RegisterProvider\RegisterProvider.xsproj", "{5190E508-E052-41D5-8824-EA472241489A}"
EndProject
Project("{FAE04EC0-301F-11D3-BF4B-00C04F79EFBC}") = "XSharpPlugin", "Tools\SHFB\XSharpPlugin\XSharpPlugin.csproj", "{9E903F77-F7C7-4440-8508-7A30A4FA43FD}"
EndProject
Project("{2150E333-8FDC-42A3-9474-1A3956D46DE8}") = "SHFB", "SHFB", "{15CFBDC7-31AA-4D54-8FBE-08F1F1F6D0BF}"
	ProjectSection(SolutionItems) = preProject
		Tools\SHFB\SHFB.Targets = Tools\SHFB\SHFB.Targets
	EndProjectSection
EndProject
Project("{FAE04EC0-301F-11D3-BF4B-00C04F79EFBC}") = "XSharpSyntax", "Tools\SHFB\XSharpSyntax\XSharpSyntax.csproj", "{8E45C5BD-C5F7-4C00-8FB2-EC84413626D0}"
EndProject
Project("{FAE04EC0-301F-11D3-BF4B-00C04F79EFBC}") = "XSharpVs", "Tools\SHFB\XSharpVs\XSharpVs.csproj", "{770CC19A-4BF3-4755-A293-39E9B20739D7}"
EndProject
Project("{AA6C8D78-22FF-423A-9C7C-5F2393824E04}") = "UDCTester", "Tools\UDCTester\UDCTester.xsproj", "{F9579349-9B33-44A3-A615-D091AB45DBB8}"
EndProject
Global
	GlobalSection(SolutionConfigurationPlatforms) = preSolution
		Debug|Any CPU = Debug|Any CPU
		Release|Any CPU = Release|Any CPU
	EndGlobalSection
	GlobalSection(ProjectConfigurationPlatforms) = postSolution
		{8A49A47C-ADE7-416C-8B28-CD3B401CBC25}.Debug|Any CPU.ActiveCfg = Debug|Any CPU
		{8A49A47C-ADE7-416C-8B28-CD3B401CBC25}.Debug|Any CPU.Build.0 = Debug|Any CPU
		{8A49A47C-ADE7-416C-8B28-CD3B401CBC25}.Release|Any CPU.ActiveCfg = Release|Any CPU
		{8A49A47C-ADE7-416C-8B28-CD3B401CBC25}.Release|Any CPU.Build.0 = Release|Any CPU
		{B9AA5DD9-28D1-445D-8FDD-6195DC479BCC}.Debug|Any CPU.ActiveCfg = Debug|Any CPU
		{B9AA5DD9-28D1-445D-8FDD-6195DC479BCC}.Debug|Any CPU.Build.0 = Debug|Any CPU
		{B9AA5DD9-28D1-445D-8FDD-6195DC479BCC}.Release|Any CPU.ActiveCfg = Release|Any CPU
		{B9AA5DD9-28D1-445D-8FDD-6195DC479BCC}.Release|Any CPU.Build.0 = Release|Any CPU
		{5190E508-E052-41D5-8824-EA472241489A}.Debug|Any CPU.ActiveCfg = Debug|Any CPU
		{5190E508-E052-41D5-8824-EA472241489A}.Debug|Any CPU.Build.0 = Debug|Any CPU
		{5190E508-E052-41D5-8824-EA472241489A}.Release|Any CPU.ActiveCfg = Release|Any CPU
		{5190E508-E052-41D5-8824-EA472241489A}.Release|Any CPU.Build.0 = Release|Any CPU
		{9E903F77-F7C7-4440-8508-7A30A4FA43FD}.Debug|Any CPU.ActiveCfg = Debug|Any CPU
		{9E903F77-F7C7-4440-8508-7A30A4FA43FD}.Debug|Any CPU.Build.0 = Debug|Any CPU
		{9E903F77-F7C7-4440-8508-7A30A4FA43FD}.Release|Any CPU.ActiveCfg = Release|Any CPU
		{9E903F77-F7C7-4440-8508-7A30A4FA43FD}.Release|Any CPU.Build.0 = Release|Any CPU
		{8E45C5BD-C5F7-4C00-8FB2-EC84413626D0}.Debug|Any CPU.ActiveCfg = Debug|Any CPU
		{8E45C5BD-C5F7-4C00-8FB2-EC84413626D0}.Debug|Any CPU.Build.0 = Debug|Any CPU
		{8E45C5BD-C5F7-4C00-8FB2-EC84413626D0}.Release|Any CPU.ActiveCfg = Release|Any CPU
		{8E45C5BD-C5F7-4C00-8FB2-EC84413626D0}.Release|Any CPU.Build.0 = Release|Any CPU
		{770CC19A-4BF3-4755-A293-39E9B20739D7}.Debug|Any CPU.ActiveCfg = Debug|Any CPU
		{770CC19A-4BF3-4755-A293-39E9B20739D7}.Debug|Any CPU.Build.0 = Debug|Any CPU
		{770CC19A-4BF3-4755-A293-39E9B20739D7}.Release|Any CPU.ActiveCfg = Release|Any CPU
		{770CC19A-4BF3-4755-A293-39E9B20739D7}.Release|Any CPU.Build.0 = Release|Any CPU
		{F9579349-9B33-44A3-A615-D091AB45DBB8}.Debug|Any CPU.ActiveCfg = Debug|Any CPU
		{F9579349-9B33-44A3-A615-D091AB45DBB8}.Debug|Any CPU.Build.0 = Debug|Any CPU
		{F9579349-9B33-44A3-A615-D091AB45DBB8}.Release|Any CPU.ActiveCfg = Release|Any CPU
		{F9579349-9B33-44A3-A615-D091AB45DBB8}.Release|Any CPU.Build.0 = Release|Any CPU
	EndGlobalSection
	GlobalSection(SolutionProperties) = preSolution
		HideSolutionNode = FALSE
	EndGlobalSection
	GlobalSection(NestedProjects) = preSolution
		{9E903F77-F7C7-4440-8508-7A30A4FA43FD} = {15CFBDC7-31AA-4D54-8FBE-08F1F1F6D0BF}
		{8E45C5BD-C5F7-4C00-8FB2-EC84413626D0} = {15CFBDC7-31AA-4D54-8FBE-08F1F1F6D0BF}
		{770CC19A-4BF3-4755-A293-39E9B20739D7} = {15CFBDC7-31AA-4D54-8FBE-08F1F1F6D0BF}
	EndGlobalSection
	GlobalSection(ExtensibilityGlobals) = postSolution
		SolutionGuid = {DA4165FA-4A05-4C65-81EC-8F3AE3D23F53}
	EndGlobalSection
EndGlobal
