
Microsoft Visual Studio Solution File, Format Version 12.00
# Visual Studio Version 17
VisualStudioVersion = 17.0.32014.148
MinimumVisualStudioVersion = 10.0.40219.1
Project("{2150E333-8FDC-42A3-9474-1A3956D46DE8}") = "Solution Items", "Solution Items", "{ED0EE32E-392F-4848-B0F6-5C13C628A4A9}"
	ProjectSection(SolutionItems) = preProject
		.editorconfig = .editorconfig
		Common\BuildNumber.h = Common\BuildNumber.h
		VisualStudio\Common.props = VisualStudio\Common.props
		VisualStudio\Common2019.props = VisualStudio\Common2019.props
		VisualStudio\Common2022.props = VisualStudio\Common2022.props
		Common\Constants.cs = Common\Constants.cs
		Common\constants.prg = Common\constants.prg
		Common\ConstantsMethods.cs = Common\ConstantsMethods.cs
		NuGet.Config = NuGet.Config
		VisualStudio\README.md = VisualStudio\README.md
		Todo.txt = Todo.txt
		Common\XSharpConstants.cs = Common\XSharpConstants.cs
	EndProjectSection
EndProject
Project("{AA6C8D78-22FF-423A-9C7C-5F2393824E04}") = "XSharpModel", "VisualStudio\XSharpCodeModelXs\XSharpModel.xsproj", "{EED6843B-B727-4F08-AA32-CA0F48FDDE3F}"
EndProject
Project("{AA6C8D78-22FF-423A-9C7C-5F2393824E04}") = "VODesigners_tester", "VisualStudio\VODesigners_tester\VODesigners_tester.xsproj", "{63D22C03-1D1A-4746-8E24-7BB1248696EE}"
EndProject
Project("{AA6C8D78-22FF-423A-9C7C-5F2393824E04}") = "XSharpVoEditors", "VisualStudio\XSharpVoEditors\XSharpVoEditors.xsproj", "{7619DB88-6286-4EF1-8273-2A08CC8AC70E}"
EndProject
Project("{AA6C8D78-22FF-423A-9C7C-5F2393824E04}") = "XSharpCodeGenerator", "VisualStudio\CodeGenerator\XSharpCodeGenerator.xsproj", "{B837AC3B-9C61-49E4-9F4F-C8AD1FAF21CC}"
EndProject
Project("{9A19103F-16F7-4668-BE54-9A1E7A4F7556}") = "XSharpMonoCecil", "VisualStudio\Mono.Cecil\XSharpMonoCecil.csproj", "{C9E9F119-D5A7-493B-88C9-4B5DD5AD653F}"
EndProject
Project("{FAE04EC0-301F-11D3-BF4B-00C04F79EFBC}") = "ProjectBase2022", "VisualStudio\ProjectBase\ProjectBase2022.csproj", "{CACB60A9-1E76-4F92-8831-B134A658C696}"
EndProject
Project("{FAE04EC0-301F-11D3-BF4B-00C04F79EFBC}") = "XSharpLanguageService2022", "VisualStudio\LanguageService\XSharpLanguageService2022.csproj", "{FFA0338A-27ED-42BA-B801-EC5AD32A7396}"
EndProject
Project("{FAE04EC0-301F-11D3-BF4B-00C04F79EFBC}") = "XSharpCodeDomProvider2022", "VisualStudio\CodeDomProvider\XSharpCodeDomProvider2022.csproj", "{F9C94F84-D196-4BE7-AD67-0C9DBFC912B5}"
EndProject
Project("{FAE04EC0-301F-11D3-BF4B-00C04F79EFBC}") = "XSharpAppDesigner2022", "VisualStudio\AppDesigner\XSharpAppDesigner2022.csproj", "{4484939E-DDA8-4033-8B1C-E8F60A2BAFE1}"
EndProject
Project("{FAE04EC0-301F-11D3-BF4B-00C04F79EFBC}") = "XSharpDebugger2022", "VisualStudio\Debugger\XSharpDebugger2022.csproj", "{16272550-75E6-4B9D-91E3-653BD141C756}"
EndProject
Project("{FAE04EC0-301F-11D3-BF4B-00C04F79EFBC}") = "XSharpProjectPackage2022", "VisualStudio\ProjectPackage\XSharpProjectPackage2022.csproj", "{F4ADEBDB-CD20-4532-B4E3-FE7424F5369D}"
EndProject
Project("{AA6C8D78-22FF-423A-9C7C-5F2393824E04}") = "VOXPorter", "Tools\VOXporter\Source\VOXPorter\VOXPorter.xsproj", "{939B111B-6EBD-490F-A7F4-CE923D758A3B}"
EndProject
Project("{AA6C8D78-22FF-423A-9C7C-5F2393824E04}") = "Fab_VO_Entities", "Tools\VOXporter\Source\Fab_VO_Entities\Fab_VO_Entities.xsproj", "{73C0DCA6-BFE5-40CB-9240-3DB1C37F5B34}"
EndProject
Project("{2150E333-8FDC-42A3-9474-1A3956D46DE8}") = "Tools", "Tools", "{A6566CA0-CE3D-4F2E-A964-1D6BB3C3A9B1}"
EndProject
Project("{AA6C8D78-22FF-423A-9C7C-5F2393824E04}") = "RegisterProvider", "Tools\RegisterProvider\RegisterProvider.xsproj", "{5190E508-E052-41D5-8824-EA472241489A}"
EndProject
Project("{FAE04EC0-301F-11D3-BF4B-00C04F79EFBC}") = "VsVersionCheck", "Tools\SetupCheck\VsVersionCheck.csproj", "{B9AA5DD9-28D1-445D-8FDD-6195DC479BCC}"
EndProject
Project("{AA6C8D78-22FF-423A-9C7C-5F2393824E04}") = "XPorter", "Tools\XPorter\XPorter.xsproj", "{8A49A47C-ADE7-416C-8B28-CD3B401CBC25}"
EndProject
Project("{AA6C8D78-22FF-423A-9C7C-5F2393824E04}") = "UDCTester", "Tools\UDCTester\UDCTester.xsproj", "{F9579349-9B33-44A3-A615-D091AB45DBB8}"
EndProject
Global
	GlobalSection(SolutionConfigurationPlatforms) = preSolution
		Debug|Any CPU = Debug|Any CPU
		Debug|arm64 = Debug|arm64
		Debug|x86 = Debug|x86
		Release|Any CPU = Release|Any CPU
		Release|arm64 = Release|arm64
		Release|x86 = Release|x86
	EndGlobalSection
	GlobalSection(ProjectConfigurationPlatforms) = postSolution
		{EED6843B-B727-4F08-AA32-CA0F48FDDE3F}.Debug|Any CPU.ActiveCfg = Debug|Any CPU
		{EED6843B-B727-4F08-AA32-CA0F48FDDE3F}.Debug|Any CPU.Build.0 = Debug|Any CPU
		{EED6843B-B727-4F08-AA32-CA0F48FDDE3F}.Debug|arm64.ActiveCfg = Debug|Any CPU
		{EED6843B-B727-4F08-AA32-CA0F48FDDE3F}.Debug|arm64.Build.0 = Debug|Any CPU
		{EED6843B-B727-4F08-AA32-CA0F48FDDE3F}.Debug|x86.ActiveCfg = Debug|Any CPU
		{EED6843B-B727-4F08-AA32-CA0F48FDDE3F}.Debug|x86.Build.0 = Debug|Any CPU
		{EED6843B-B727-4F08-AA32-CA0F48FDDE3F}.Release|Any CPU.ActiveCfg = Release|Any CPU
		{EED6843B-B727-4F08-AA32-CA0F48FDDE3F}.Release|Any CPU.Build.0 = Release|Any CPU
		{EED6843B-B727-4F08-AA32-CA0F48FDDE3F}.Release|arm64.ActiveCfg = Release|Any CPU
		{EED6843B-B727-4F08-AA32-CA0F48FDDE3F}.Release|arm64.Build.0 = Release|Any CPU
		{EED6843B-B727-4F08-AA32-CA0F48FDDE3F}.Release|x86.ActiveCfg = Release|Any CPU
		{EED6843B-B727-4F08-AA32-CA0F48FDDE3F}.Release|x86.Build.0 = Release|Any CPU
		{63D22C03-1D1A-4746-8E24-7BB1248696EE}.Debug|Any CPU.ActiveCfg = Debug|Any CPU
		{63D22C03-1D1A-4746-8E24-7BB1248696EE}.Debug|Any CPU.Build.0 = Debug|Any CPU
		{63D22C03-1D1A-4746-8E24-7BB1248696EE}.Debug|arm64.ActiveCfg = Debug|Any CPU
		{63D22C03-1D1A-4746-8E24-7BB1248696EE}.Debug|arm64.Build.0 = Debug|Any CPU
		{63D22C03-1D1A-4746-8E24-7BB1248696EE}.Debug|x86.ActiveCfg = Debug|Any CPU
		{63D22C03-1D1A-4746-8E24-7BB1248696EE}.Debug|x86.Build.0 = Debug|Any CPU
		{63D22C03-1D1A-4746-8E24-7BB1248696EE}.Release|Any CPU.ActiveCfg = Release|Any CPU
		{63D22C03-1D1A-4746-8E24-7BB1248696EE}.Release|Any CPU.Build.0 = Release|Any CPU
		{63D22C03-1D1A-4746-8E24-7BB1248696EE}.Release|arm64.ActiveCfg = Release|Any CPU
		{63D22C03-1D1A-4746-8E24-7BB1248696EE}.Release|arm64.Build.0 = Release|Any CPU
		{63D22C03-1D1A-4746-8E24-7BB1248696EE}.Release|x86.ActiveCfg = Release|Any CPU
		{63D22C03-1D1A-4746-8E24-7BB1248696EE}.Release|x86.Build.0 = Release|Any CPU
		{7619DB88-6286-4EF1-8273-2A08CC8AC70E}.Debug|Any CPU.ActiveCfg = Debug|Any CPU
		{7619DB88-6286-4EF1-8273-2A08CC8AC70E}.Debug|Any CPU.Build.0 = Debug|Any CPU
		{7619DB88-6286-4EF1-8273-2A08CC8AC70E}.Debug|arm64.ActiveCfg = Debug|Any CPU
		{7619DB88-6286-4EF1-8273-2A08CC8AC70E}.Debug|arm64.Build.0 = Debug|Any CPU
		{7619DB88-6286-4EF1-8273-2A08CC8AC70E}.Debug|x86.ActiveCfg = Debug|Any CPU
		{7619DB88-6286-4EF1-8273-2A08CC8AC70E}.Debug|x86.Build.0 = Debug|Any CPU
		{7619DB88-6286-4EF1-8273-2A08CC8AC70E}.Release|Any CPU.ActiveCfg = Release|Any CPU
		{7619DB88-6286-4EF1-8273-2A08CC8AC70E}.Release|Any CPU.Build.0 = Release|Any CPU
		{7619DB88-6286-4EF1-8273-2A08CC8AC70E}.Release|arm64.ActiveCfg = Release|Any CPU
		{7619DB88-6286-4EF1-8273-2A08CC8AC70E}.Release|arm64.Build.0 = Release|Any CPU
		{7619DB88-6286-4EF1-8273-2A08CC8AC70E}.Release|x86.ActiveCfg = Release|Any CPU
		{7619DB88-6286-4EF1-8273-2A08CC8AC70E}.Release|x86.Build.0 = Release|Any CPU
		{B837AC3B-9C61-49E4-9F4F-C8AD1FAF21CC}.Debug|Any CPU.ActiveCfg = Debug|Any CPU
		{B837AC3B-9C61-49E4-9F4F-C8AD1FAF21CC}.Debug|Any CPU.Build.0 = Debug|Any CPU
		{B837AC3B-9C61-49E4-9F4F-C8AD1FAF21CC}.Debug|arm64.ActiveCfg = Debug|Any CPU
		{B837AC3B-9C61-49E4-9F4F-C8AD1FAF21CC}.Debug|arm64.Build.0 = Debug|Any CPU
		{B837AC3B-9C61-49E4-9F4F-C8AD1FAF21CC}.Debug|x86.ActiveCfg = Debug|Any CPU
		{B837AC3B-9C61-49E4-9F4F-C8AD1FAF21CC}.Debug|x86.Build.0 = Debug|Any CPU
		{B837AC3B-9C61-49E4-9F4F-C8AD1FAF21CC}.Release|Any CPU.ActiveCfg = Release|Any CPU
		{B837AC3B-9C61-49E4-9F4F-C8AD1FAF21CC}.Release|Any CPU.Build.0 = Release|Any CPU
		{B837AC3B-9C61-49E4-9F4F-C8AD1FAF21CC}.Release|arm64.ActiveCfg = Release|Any CPU
		{B837AC3B-9C61-49E4-9F4F-C8AD1FAF21CC}.Release|arm64.Build.0 = Release|Any CPU
		{B837AC3B-9C61-49E4-9F4F-C8AD1FAF21CC}.Release|x86.ActiveCfg = Release|Any CPU
		{B837AC3B-9C61-49E4-9F4F-C8AD1FAF21CC}.Release|x86.Build.0 = Release|Any CPU
		{C9E9F119-D5A7-493B-88C9-4B5DD5AD653F}.Debug|Any CPU.ActiveCfg = Debug|Any CPU
		{C9E9F119-D5A7-493B-88C9-4B5DD5AD653F}.Debug|Any CPU.Build.0 = Debug|Any CPU
		{C9E9F119-D5A7-493B-88C9-4B5DD5AD653F}.Debug|arm64.ActiveCfg = Debug|Any CPU
		{C9E9F119-D5A7-493B-88C9-4B5DD5AD653F}.Debug|arm64.Build.0 = Debug|Any CPU
		{C9E9F119-D5A7-493B-88C9-4B5DD5AD653F}.Debug|x86.ActiveCfg = Debug|Any CPU
		{C9E9F119-D5A7-493B-88C9-4B5DD5AD653F}.Debug|x86.Build.0 = Debug|Any CPU
		{C9E9F119-D5A7-493B-88C9-4B5DD5AD653F}.Release|Any CPU.ActiveCfg = Release|Any CPU
		{C9E9F119-D5A7-493B-88C9-4B5DD5AD653F}.Release|Any CPU.Build.0 = Release|Any CPU
		{C9E9F119-D5A7-493B-88C9-4B5DD5AD653F}.Release|arm64.ActiveCfg = Release|Any CPU
		{C9E9F119-D5A7-493B-88C9-4B5DD5AD653F}.Release|arm64.Build.0 = Release|Any CPU
		{C9E9F119-D5A7-493B-88C9-4B5DD5AD653F}.Release|x86.ActiveCfg = Release|Any CPU
		{C9E9F119-D5A7-493B-88C9-4B5DD5AD653F}.Release|x86.Build.0 = Release|Any CPU
		{CACB60A9-1E76-4F92-8831-B134A658C696}.Debug|Any CPU.ActiveCfg = Debug|Any CPU
		{CACB60A9-1E76-4F92-8831-B134A658C696}.Debug|Any CPU.Build.0 = Debug|Any CPU
		{CACB60A9-1E76-4F92-8831-B134A658C696}.Debug|arm64.ActiveCfg = Debug|Any CPU
		{CACB60A9-1E76-4F92-8831-B134A658C696}.Debug|arm64.Build.0 = Debug|Any CPU
		{CACB60A9-1E76-4F92-8831-B134A658C696}.Debug|x86.ActiveCfg = Debug|Any CPU
		{CACB60A9-1E76-4F92-8831-B134A658C696}.Debug|x86.Build.0 = Debug|Any CPU
		{CACB60A9-1E76-4F92-8831-B134A658C696}.Release|Any CPU.ActiveCfg = Release|Any CPU
		{CACB60A9-1E76-4F92-8831-B134A658C696}.Release|Any CPU.Build.0 = Release|Any CPU
		{CACB60A9-1E76-4F92-8831-B134A658C696}.Release|arm64.ActiveCfg = Release|Any CPU
		{CACB60A9-1E76-4F92-8831-B134A658C696}.Release|arm64.Build.0 = Release|Any CPU
		{CACB60A9-1E76-4F92-8831-B134A658C696}.Release|x86.ActiveCfg = Release|Any CPU
		{CACB60A9-1E76-4F92-8831-B134A658C696}.Release|x86.Build.0 = Release|Any CPU
		{FFA0338A-27ED-42BA-B801-EC5AD32A7396}.Debug|Any CPU.ActiveCfg = Debug|Any CPU
		{FFA0338A-27ED-42BA-B801-EC5AD32A7396}.Debug|Any CPU.Build.0 = Debug|Any CPU
		{FFA0338A-27ED-42BA-B801-EC5AD32A7396}.Debug|arm64.ActiveCfg = Debug|arm64
		{FFA0338A-27ED-42BA-B801-EC5AD32A7396}.Debug|arm64.Build.0 = Debug|arm64
		{FFA0338A-27ED-42BA-B801-EC5AD32A7396}.Debug|x86.ActiveCfg = Debug|x86
		{FFA0338A-27ED-42BA-B801-EC5AD32A7396}.Debug|x86.Build.0 = Debug|x86
		{FFA0338A-27ED-42BA-B801-EC5AD32A7396}.Release|Any CPU.ActiveCfg = Release|Any CPU
		{FFA0338A-27ED-42BA-B801-EC5AD32A7396}.Release|Any CPU.Build.0 = Release|Any CPU
		{FFA0338A-27ED-42BA-B801-EC5AD32A7396}.Release|arm64.ActiveCfg = Release|arm64
		{FFA0338A-27ED-42BA-B801-EC5AD32A7396}.Release|arm64.Build.0 = Release|arm64
		{FFA0338A-27ED-42BA-B801-EC5AD32A7396}.Release|x86.ActiveCfg = Release|x86
		{FFA0338A-27ED-42BA-B801-EC5AD32A7396}.Release|x86.Build.0 = Release|x86
		{F9C94F84-D196-4BE7-AD67-0C9DBFC912B5}.Debug|Any CPU.ActiveCfg = Debug|Any CPU
		{F9C94F84-D196-4BE7-AD67-0C9DBFC912B5}.Debug|Any CPU.Build.0 = Debug|Any CPU
		{F9C94F84-D196-4BE7-AD67-0C9DBFC912B5}.Debug|arm64.ActiveCfg = Debug|Any CPU
		{F9C94F84-D196-4BE7-AD67-0C9DBFC912B5}.Debug|arm64.Build.0 = Debug|Any CPU
		{F9C94F84-D196-4BE7-AD67-0C9DBFC912B5}.Debug|x86.ActiveCfg = Debug|Any CPU
		{F9C94F84-D196-4BE7-AD67-0C9DBFC912B5}.Debug|x86.Build.0 = Debug|Any CPU
		{F9C94F84-D196-4BE7-AD67-0C9DBFC912B5}.Release|Any CPU.ActiveCfg = Release|Any CPU
		{F9C94F84-D196-4BE7-AD67-0C9DBFC912B5}.Release|Any CPU.Build.0 = Release|Any CPU
		{F9C94F84-D196-4BE7-AD67-0C9DBFC912B5}.Release|arm64.ActiveCfg = Release|Any CPU
		{F9C94F84-D196-4BE7-AD67-0C9DBFC912B5}.Release|arm64.Build.0 = Release|Any CPU
		{F9C94F84-D196-4BE7-AD67-0C9DBFC912B5}.Release|x86.ActiveCfg = Release|Any CPU
		{F9C94F84-D196-4BE7-AD67-0C9DBFC912B5}.Release|x86.Build.0 = Release|Any CPU
		{4484939E-DDA8-4033-8B1C-E8F60A2BAFE1}.Debug|Any CPU.ActiveCfg = Debug|Any CPU
		{4484939E-DDA8-4033-8B1C-E8F60A2BAFE1}.Debug|Any CPU.Build.0 = Debug|Any CPU
		{4484939E-DDA8-4033-8B1C-E8F60A2BAFE1}.Debug|arm64.ActiveCfg = Debug|Any CPU
		{4484939E-DDA8-4033-8B1C-E8F60A2BAFE1}.Debug|arm64.Build.0 = Debug|Any CPU
		{4484939E-DDA8-4033-8B1C-E8F60A2BAFE1}.Debug|x86.ActiveCfg = Debug|Any CPU
		{4484939E-DDA8-4033-8B1C-E8F60A2BAFE1}.Debug|x86.Build.0 = Debug|Any CPU
		{4484939E-DDA8-4033-8B1C-E8F60A2BAFE1}.Release|Any CPU.ActiveCfg = Release|Any CPU
		{4484939E-DDA8-4033-8B1C-E8F60A2BAFE1}.Release|Any CPU.Build.0 = Release|Any CPU
		{4484939E-DDA8-4033-8B1C-E8F60A2BAFE1}.Release|arm64.ActiveCfg = Release|Any CPU
		{4484939E-DDA8-4033-8B1C-E8F60A2BAFE1}.Release|arm64.Build.0 = Release|Any CPU
		{4484939E-DDA8-4033-8B1C-E8F60A2BAFE1}.Release|x86.ActiveCfg = Release|Any CPU
		{4484939E-DDA8-4033-8B1C-E8F60A2BAFE1}.Release|x86.Build.0 = Release|Any CPU
		{16272550-75E6-4B9D-91E3-653BD141C756}.Debug|Any CPU.ActiveCfg = Debug|Any CPU
		{16272550-75E6-4B9D-91E3-653BD141C756}.Debug|Any CPU.Build.0 = Debug|Any CPU
		{16272550-75E6-4B9D-91E3-653BD141C756}.Debug|arm64.ActiveCfg = Debug|arm64
		{16272550-75E6-4B9D-91E3-653BD141C756}.Debug|arm64.Build.0 = Debug|arm64
		{16272550-75E6-4B9D-91E3-653BD141C756}.Debug|x86.ActiveCfg = Debug|x86
		{16272550-75E6-4B9D-91E3-653BD141C756}.Debug|x86.Build.0 = Debug|x86
		{16272550-75E6-4B9D-91E3-653BD141C756}.Release|Any CPU.ActiveCfg = Release|Any CPU
		{16272550-75E6-4B9D-91E3-653BD141C756}.Release|Any CPU.Build.0 = Release|Any CPU
		{16272550-75E6-4B9D-91E3-653BD141C756}.Release|arm64.ActiveCfg = Release|arm64
		{16272550-75E6-4B9D-91E3-653BD141C756}.Release|arm64.Build.0 = Release|arm64
		{16272550-75E6-4B9D-91E3-653BD141C756}.Release|x86.ActiveCfg = Release|x86
		{16272550-75E6-4B9D-91E3-653BD141C756}.Release|x86.Build.0 = Release|x86
		{F4ADEBDB-CD20-4532-B4E3-FE7424F5369D}.Debug|Any CPU.ActiveCfg = Debug|Any CPU
		{F4ADEBDB-CD20-4532-B4E3-FE7424F5369D}.Debug|Any CPU.Build.0 = Debug|Any CPU
		{F4ADEBDB-CD20-4532-B4E3-FE7424F5369D}.Debug|arm64.ActiveCfg = Debug|arm64
		{F4ADEBDB-CD20-4532-B4E3-FE7424F5369D}.Debug|arm64.Build.0 = Debug|arm64
		{F4ADEBDB-CD20-4532-B4E3-FE7424F5369D}.Debug|x86.ActiveCfg = Debug|x86
		{F4ADEBDB-CD20-4532-B4E3-FE7424F5369D}.Debug|x86.Build.0 = Debug|x86
		{F4ADEBDB-CD20-4532-B4E3-FE7424F5369D}.Release|Any CPU.ActiveCfg = Release|Any CPU
		{F4ADEBDB-CD20-4532-B4E3-FE7424F5369D}.Release|Any CPU.Build.0 = Release|Any CPU
		{F4ADEBDB-CD20-4532-B4E3-FE7424F5369D}.Release|arm64.ActiveCfg = Release|arm64
		{F4ADEBDB-CD20-4532-B4E3-FE7424F5369D}.Release|arm64.Build.0 = Release|arm64
		{F4ADEBDB-CD20-4532-B4E3-FE7424F5369D}.Release|x86.ActiveCfg = Release|x86
		{F4ADEBDB-CD20-4532-B4E3-FE7424F5369D}.Release|x86.Build.0 = Release|x86
		{939B111B-6EBD-490F-A7F4-CE923D758A3B}.Debug|Any CPU.ActiveCfg = Debug|Any CPU
		{939B111B-6EBD-490F-A7F4-CE923D758A3B}.Debug|Any CPU.Build.0 = Debug|Any CPU
		{939B111B-6EBD-490F-A7F4-CE923D758A3B}.Debug|arm64.ActiveCfg = Debug|Any CPU
		{939B111B-6EBD-490F-A7F4-CE923D758A3B}.Debug|arm64.Build.0 = Debug|Any CPU
		{939B111B-6EBD-490F-A7F4-CE923D758A3B}.Debug|x86.ActiveCfg = Debug|Any CPU
		{939B111B-6EBD-490F-A7F4-CE923D758A3B}.Debug|x86.Build.0 = Debug|Any CPU
		{939B111B-6EBD-490F-A7F4-CE923D758A3B}.Release|Any CPU.ActiveCfg = Release|Any CPU
		{939B111B-6EBD-490F-A7F4-CE923D758A3B}.Release|Any CPU.Build.0 = Release|Any CPU
		{939B111B-6EBD-490F-A7F4-CE923D758A3B}.Release|arm64.ActiveCfg = Release|Any CPU
		{939B111B-6EBD-490F-A7F4-CE923D758A3B}.Release|arm64.Build.0 = Release|Any CPU
		{939B111B-6EBD-490F-A7F4-CE923D758A3B}.Release|x86.ActiveCfg = Release|Any CPU
		{939B111B-6EBD-490F-A7F4-CE923D758A3B}.Release|x86.Build.0 = Release|Any CPU
		{73C0DCA6-BFE5-40CB-9240-3DB1C37F5B34}.Debug|Any CPU.ActiveCfg = Debug|Any CPU
		{73C0DCA6-BFE5-40CB-9240-3DB1C37F5B34}.Debug|Any CPU.Build.0 = Debug|Any CPU
		{73C0DCA6-BFE5-40CB-9240-3DB1C37F5B34}.Debug|arm64.ActiveCfg = Debug|Any CPU
		{73C0DCA6-BFE5-40CB-9240-3DB1C37F5B34}.Debug|arm64.Build.0 = Debug|Any CPU
		{73C0DCA6-BFE5-40CB-9240-3DB1C37F5B34}.Debug|x86.ActiveCfg = Debug|Any CPU
		{73C0DCA6-BFE5-40CB-9240-3DB1C37F5B34}.Debug|x86.Build.0 = Debug|Any CPU
		{73C0DCA6-BFE5-40CB-9240-3DB1C37F5B34}.Release|Any CPU.ActiveCfg = Release|Any CPU
		{73C0DCA6-BFE5-40CB-9240-3DB1C37F5B34}.Release|Any CPU.Build.0 = Release|Any CPU
		{73C0DCA6-BFE5-40CB-9240-3DB1C37F5B34}.Release|arm64.ActiveCfg = Release|Any CPU
		{73C0DCA6-BFE5-40CB-9240-3DB1C37F5B34}.Release|arm64.Build.0 = Release|Any CPU
		{73C0DCA6-BFE5-40CB-9240-3DB1C37F5B34}.Release|x86.ActiveCfg = Release|Any CPU
		{73C0DCA6-BFE5-40CB-9240-3DB1C37F5B34}.Release|x86.Build.0 = Release|Any CPU
		{5190E508-E052-41D5-8824-EA472241489A}.Debug|Any CPU.ActiveCfg = Debug|Any CPU
		{5190E508-E052-41D5-8824-EA472241489A}.Debug|Any CPU.Build.0 = Debug|Any CPU
		{5190E508-E052-41D5-8824-EA472241489A}.Debug|arm64.ActiveCfg = Debug|Any CPU
		{5190E508-E052-41D5-8824-EA472241489A}.Debug|arm64.Build.0 = Debug|Any CPU
		{5190E508-E052-41D5-8824-EA472241489A}.Debug|x86.ActiveCfg = Debug|Any CPU
		{5190E508-E052-41D5-8824-EA472241489A}.Debug|x86.Build.0 = Debug|Any CPU
		{5190E508-E052-41D5-8824-EA472241489A}.Release|Any CPU.ActiveCfg = Release|Any CPU
		{5190E508-E052-41D5-8824-EA472241489A}.Release|Any CPU.Build.0 = Release|Any CPU
		{5190E508-E052-41D5-8824-EA472241489A}.Release|arm64.ActiveCfg = Release|Any CPU
		{5190E508-E052-41D5-8824-EA472241489A}.Release|arm64.Build.0 = Release|Any CPU
		{5190E508-E052-41D5-8824-EA472241489A}.Release|x86.ActiveCfg = Release|Any CPU
		{5190E508-E052-41D5-8824-EA472241489A}.Release|x86.Build.0 = Release|Any CPU
		{B9AA5DD9-28D1-445D-8FDD-6195DC479BCC}.Debug|Any CPU.ActiveCfg = Debug|Any CPU
		{B9AA5DD9-28D1-445D-8FDD-6195DC479BCC}.Debug|Any CPU.Build.0 = Debug|Any CPU
		{B9AA5DD9-28D1-445D-8FDD-6195DC479BCC}.Debug|arm64.ActiveCfg = Debug|Any CPU
		{B9AA5DD9-28D1-445D-8FDD-6195DC479BCC}.Debug|arm64.Build.0 = Debug|Any CPU
		{B9AA5DD9-28D1-445D-8FDD-6195DC479BCC}.Debug|x86.ActiveCfg = Debug|Any CPU
		{B9AA5DD9-28D1-445D-8FDD-6195DC479BCC}.Debug|x86.Build.0 = Debug|Any CPU
		{B9AA5DD9-28D1-445D-8FDD-6195DC479BCC}.Release|Any CPU.ActiveCfg = Release|Any CPU
		{B9AA5DD9-28D1-445D-8FDD-6195DC479BCC}.Release|Any CPU.Build.0 = Release|Any CPU
		{B9AA5DD9-28D1-445D-8FDD-6195DC479BCC}.Release|arm64.ActiveCfg = Release|Any CPU
		{B9AA5DD9-28D1-445D-8FDD-6195DC479BCC}.Release|arm64.Build.0 = Release|Any CPU
		{B9AA5DD9-28D1-445D-8FDD-6195DC479BCC}.Release|x86.ActiveCfg = Release|Any CPU
		{B9AA5DD9-28D1-445D-8FDD-6195DC479BCC}.Release|x86.Build.0 = Release|Any CPU
		{8A49A47C-ADE7-416C-8B28-CD3B401CBC25}.Debug|Any CPU.ActiveCfg = Debug|Any CPU
		{8A49A47C-ADE7-416C-8B28-CD3B401CBC25}.Debug|Any CPU.Build.0 = Debug|Any CPU
		{8A49A47C-ADE7-416C-8B28-CD3B401CBC25}.Debug|arm64.ActiveCfg = Debug|Any CPU
		{8A49A47C-ADE7-416C-8B28-CD3B401CBC25}.Debug|arm64.Build.0 = Debug|Any CPU
		{8A49A47C-ADE7-416C-8B28-CD3B401CBC25}.Debug|x86.ActiveCfg = Debug|Any CPU
		{8A49A47C-ADE7-416C-8B28-CD3B401CBC25}.Debug|x86.Build.0 = Debug|Any CPU
		{8A49A47C-ADE7-416C-8B28-CD3B401CBC25}.Release|Any CPU.ActiveCfg = Release|Any CPU
		{8A49A47C-ADE7-416C-8B28-CD3B401CBC25}.Release|Any CPU.Build.0 = Release|Any CPU
		{8A49A47C-ADE7-416C-8B28-CD3B401CBC25}.Release|arm64.ActiveCfg = Release|Any CPU
		{8A49A47C-ADE7-416C-8B28-CD3B401CBC25}.Release|arm64.Build.0 = Release|Any CPU
		{8A49A47C-ADE7-416C-8B28-CD3B401CBC25}.Release|x86.ActiveCfg = Release|Any CPU
		{8A49A47C-ADE7-416C-8B28-CD3B401CBC25}.Release|x86.Build.0 = Release|Any CPU
		{F9579349-9B33-44A3-A615-D091AB45DBB8}.Debug|Any CPU.ActiveCfg = Debug|Any CPU
		{F9579349-9B33-44A3-A615-D091AB45DBB8}.Debug|Any CPU.Build.0 = Debug|Any CPU
		{F9579349-9B33-44A3-A615-D091AB45DBB8}.Debug|arm64.ActiveCfg = Debug|Any CPU
		{F9579349-9B33-44A3-A615-D091AB45DBB8}.Debug|arm64.Build.0 = Debug|Any CPU
		{F9579349-9B33-44A3-A615-D091AB45DBB8}.Debug|x86.ActiveCfg = Debug|Any CPU
		{F9579349-9B33-44A3-A615-D091AB45DBB8}.Debug|x86.Build.0 = Debug|Any CPU
		{F9579349-9B33-44A3-A615-D091AB45DBB8}.Release|Any CPU.ActiveCfg = Release|Any CPU
		{F9579349-9B33-44A3-A615-D091AB45DBB8}.Release|Any CPU.Build.0 = Release|Any CPU
		{F9579349-9B33-44A3-A615-D091AB45DBB8}.Release|arm64.ActiveCfg = Release|Any CPU
		{F9579349-9B33-44A3-A615-D091AB45DBB8}.Release|arm64.Build.0 = Release|Any CPU
		{F9579349-9B33-44A3-A615-D091AB45DBB8}.Release|x86.ActiveCfg = Release|Any CPU
		{F9579349-9B33-44A3-A615-D091AB45DBB8}.Release|x86.Build.0 = Release|Any CPU
	EndGlobalSection
	GlobalSection(SolutionProperties) = preSolution
		HideSolutionNode = FALSE
	EndGlobalSection
	GlobalSection(NestedProjects) = preSolution
		{939B111B-6EBD-490F-A7F4-CE923D758A3B} = {A6566CA0-CE3D-4F2E-A964-1D6BB3C3A9B1}
		{73C0DCA6-BFE5-40CB-9240-3DB1C37F5B34} = {A6566CA0-CE3D-4F2E-A964-1D6BB3C3A9B1}
		{5190E508-E052-41D5-8824-EA472241489A} = {A6566CA0-CE3D-4F2E-A964-1D6BB3C3A9B1}
		{B9AA5DD9-28D1-445D-8FDD-6195DC479BCC} = {A6566CA0-CE3D-4F2E-A964-1D6BB3C3A9B1}
		{8A49A47C-ADE7-416C-8B28-CD3B401CBC25} = {A6566CA0-CE3D-4F2E-A964-1D6BB3C3A9B1}
		{F9579349-9B33-44A3-A615-D091AB45DBB8} = {A6566CA0-CE3D-4F2E-A964-1D6BB3C3A9B1}
	EndGlobalSection
	GlobalSection(ExtensibilityGlobals) = postSolution
		SolutionGuid = {6F61AAF2-9C04-4D27-887F-8A475F079D9C}
	EndGlobalSection
EndGlobal
