
Microsoft Visual Studio Solution File, Format Version 12.00
# Visual Studio 14
VisualStudioVersion = 14.0.25420.1
MinimumVisualStudioVersion = 10.0.40219.1
Project("{2150E333-8FDC-42A3-9474-1A3956D46DE8}") = "Solution Items", "Solution Items", "{ED0EE32E-392F-4848-B0F6-5C13C628A4A9}"
	ProjectSection(SolutionItems) = preProject
		Common\BuildNumber.h = Common\BuildNumber.h
		Common\Constants.cs = Common\Constants.cs
		Common\constants.prg = Common\constants.prg
		VisualStudio\README.md = VisualStudio\README.md
		Common\version.xh = Common\version.xh
	EndProjectSection
EndProject
Project("{FAE04EC0-301F-11D3-BF4B-00C04F79EFBC}") = "Project Package", "VisualStudio\ProjectPackage\Project Package.csproj", "{F4ADEBDB-CD20-4532-B4E3-FE7424F5369C}"
EndProject
Project("{FAE04EC0-301F-11D3-BF4B-00C04F79EFBC}") = "XSharpCodeDomProvider", "VisualStudio\XSharpCodeDomProvider\XSharpCodeDomProvider.csproj", "{F9C94F84-D196-4BE7-AD67-0C9DBFC912B4}"
EndProject
Project("{FAE04EC0-301F-11D3-BF4B-00C04F79EFBC}") = "XSharp.Build", "VisualStudio\XSharp.Build\XSharp.Build.csproj", "{CD315B80-8E6F-4EF3-AE9B-ED39795EDF9B}"
EndProject
Project("{FAE04EC0-301F-11D3-BF4B-00C04F79EFBC}") = "XSharpColorizer", "VisualStudio\XSharpColorizer\XSharpColorizer.csproj", "{FFA0338A-27ED-42BA-B801-EC5AD32A7395}"
EndProject
Project("{AA6C8D78-22FF-423A-9C7C-5F2393824E04}") = "XPorter", "VisualStudio\XPorter\XPorter.xsproj", "{8A49A47C-ADE7-416C-8B28-CD3B401CBC25}"
EndProject
Project("{FAE04EC0-301F-11D3-BF4B-00C04F79EFBC}") = "XSharpModel", "VisualStudio\XSharpModel\XSharpModel.csproj", "{2C3B9217-E012-4681-97CE-F0A658C40336}"
EndProject
Project("{FAE04EC0-301F-11D3-BF4B-00C04F79EFBC}") = "SetupCheck2017", "VisualStudio\SetupCheck\SetupCheck2017.csproj", "{B9AA5DD9-28D1-445D-8FDD-6195DC479BCC}"
EndProject
Project("{AA6C8D78-22FF-423A-9C7C-5F2393824E04}") = "RegisterProvider", "VisualStudio\RegisterProvider\RegisterProvider.xsproj", "{5190E508-E052-41D5-8824-EA472241489A}"
EndProject
Project("{AA6C8D78-22FF-423A-9C7C-5F2393824E04}") = "XSharpVoEditors", "VisualStudio\XSharpVoEditors\XSharpVoEditors.xsproj", "{7619DB88-6286-4EF1-8273-2A08CC8AC70E}"
EndProject
Project("{FAE04EC0-301F-11D3-BF4B-00C04F79EFBC}") = "XSharpDebugger", "VisualStudio\XSharpDebugger\XSharpDebugger.csproj", "{16272550-75E6-4B9D-91E3-653BD141C755}"
EndProject
Project("{2150E333-8FDC-42A3-9474-1A3956D46DE8}") = "VOXporter", "VOXporter", "{15A2464B-6088-483E-B763-B85F6EFCB851}"
EndProject
Project("{AA6C8D78-22FF-423A-9C7C-5F2393824E04}") = "VOXporter", "VisualStudio\VOXporter\VOXporter.xsproj", "{10A5791A-E568-47B8-B61F-10639B487063}"
EndProject
Project("{AA6C8D78-22FF-423A-9C7C-5F2393824E04}") = "Fab_VO_Entities", "VisualStudio\FabVOEntities\Fab_VO_Entities.xsproj", "{9B7F2A7D-4755-42BF-ABFF-7A36832CC7A9}"
EndProject
Global
	GlobalSection(SolutionConfigurationPlatforms) = preSolution
		Debug|Any CPU = Debug|Any CPU
		Debug|x86 = Debug|x86
		Release|Any CPU = Release|Any CPU
		Release|x86 = Release|x86
	EndGlobalSection
	GlobalSection(ProjectConfigurationPlatforms) = postSolution
		{F4ADEBDB-CD20-4532-B4E3-FE7424F5369C}.Debug|Any CPU.ActiveCfg = Debug|Any CPU
		{F4ADEBDB-CD20-4532-B4E3-FE7424F5369C}.Debug|Any CPU.Build.0 = Debug|Any CPU
		{F4ADEBDB-CD20-4532-B4E3-FE7424F5369C}.Debug|x86.ActiveCfg = Debug|Any CPU
		{F4ADEBDB-CD20-4532-B4E3-FE7424F5369C}.Debug|x86.Build.0 = Debug|Any CPU
		{F4ADEBDB-CD20-4532-B4E3-FE7424F5369C}.Release|Any CPU.ActiveCfg = Release|Any CPU
		{F4ADEBDB-CD20-4532-B4E3-FE7424F5369C}.Release|Any CPU.Build.0 = Release|Any CPU
		{F4ADEBDB-CD20-4532-B4E3-FE7424F5369C}.Release|x86.ActiveCfg = Release|Any CPU
		{F4ADEBDB-CD20-4532-B4E3-FE7424F5369C}.Release|x86.Build.0 = Release|Any CPU
		{F9C94F84-D196-4BE7-AD67-0C9DBFC912B4}.Debug|Any CPU.ActiveCfg = Debug|Any CPU
		{F9C94F84-D196-4BE7-AD67-0C9DBFC912B4}.Debug|Any CPU.Build.0 = Debug|Any CPU
		{F9C94F84-D196-4BE7-AD67-0C9DBFC912B4}.Debug|x86.ActiveCfg = Debug|Any CPU
		{F9C94F84-D196-4BE7-AD67-0C9DBFC912B4}.Debug|x86.Build.0 = Debug|Any CPU
		{F9C94F84-D196-4BE7-AD67-0C9DBFC912B4}.Release|Any CPU.ActiveCfg = Release|Any CPU
		{F9C94F84-D196-4BE7-AD67-0C9DBFC912B4}.Release|Any CPU.Build.0 = Release|Any CPU
		{F9C94F84-D196-4BE7-AD67-0C9DBFC912B4}.Release|x86.ActiveCfg = Release|Any CPU
		{F9C94F84-D196-4BE7-AD67-0C9DBFC912B4}.Release|x86.Build.0 = Release|Any CPU
		{CD315B80-8E6F-4EF3-AE9B-ED39795EDF9B}.Debug|Any CPU.ActiveCfg = Debug|Any CPU
		{CD315B80-8E6F-4EF3-AE9B-ED39795EDF9B}.Debug|Any CPU.Build.0 = Debug|Any CPU
		{CD315B80-8E6F-4EF3-AE9B-ED39795EDF9B}.Debug|x86.ActiveCfg = Debug|Any CPU
		{CD315B80-8E6F-4EF3-AE9B-ED39795EDF9B}.Debug|x86.Build.0 = Debug|Any CPU
		{CD315B80-8E6F-4EF3-AE9B-ED39795EDF9B}.Release|Any CPU.ActiveCfg = Release|Any CPU
		{CD315B80-8E6F-4EF3-AE9B-ED39795EDF9B}.Release|Any CPU.Build.0 = Release|Any CPU
		{CD315B80-8E6F-4EF3-AE9B-ED39795EDF9B}.Release|x86.ActiveCfg = Release|Any CPU
		{CD315B80-8E6F-4EF3-AE9B-ED39795EDF9B}.Release|x86.Build.0 = Release|Any CPU
		{FFA0338A-27ED-42BA-B801-EC5AD32A7395}.Debug|Any CPU.ActiveCfg = Debug|Any CPU
		{FFA0338A-27ED-42BA-B801-EC5AD32A7395}.Debug|Any CPU.Build.0 = Debug|Any CPU
		{FFA0338A-27ED-42BA-B801-EC5AD32A7395}.Debug|x86.ActiveCfg = Debug|Any CPU
		{FFA0338A-27ED-42BA-B801-EC5AD32A7395}.Debug|x86.Build.0 = Debug|Any CPU
		{FFA0338A-27ED-42BA-B801-EC5AD32A7395}.Release|Any CPU.ActiveCfg = Release|Any CPU
		{FFA0338A-27ED-42BA-B801-EC5AD32A7395}.Release|Any CPU.Build.0 = Release|Any CPU
		{FFA0338A-27ED-42BA-B801-EC5AD32A7395}.Release|x86.ActiveCfg = Release|Any CPU
		{FFA0338A-27ED-42BA-B801-EC5AD32A7395}.Release|x86.Build.0 = Release|Any CPU
		{8A49A47C-ADE7-416C-8B28-CD3B401CBC25}.Debug|Any CPU.ActiveCfg = Debug|Any CPU
		{8A49A47C-ADE7-416C-8B28-CD3B401CBC25}.Debug|Any CPU.Build.0 = Debug|Any CPU
		{8A49A47C-ADE7-416C-8B28-CD3B401CBC25}.Debug|x86.ActiveCfg = Debug|Any CPU
		{8A49A47C-ADE7-416C-8B28-CD3B401CBC25}.Debug|x86.Build.0 = Debug|Any CPU
		{8A49A47C-ADE7-416C-8B28-CD3B401CBC25}.Release|Any CPU.ActiveCfg = Release|Any CPU
		{8A49A47C-ADE7-416C-8B28-CD3B401CBC25}.Release|Any CPU.Build.0 = Release|Any CPU
		{8A49A47C-ADE7-416C-8B28-CD3B401CBC25}.Release|x86.ActiveCfg = Release|Any CPU
		{8A49A47C-ADE7-416C-8B28-CD3B401CBC25}.Release|x86.Build.0 = Release|Any CPU
		{2C3B9217-E012-4681-97CE-F0A658C40336}.Debug|Any CPU.ActiveCfg = Debug|Any CPU
		{2C3B9217-E012-4681-97CE-F0A658C40336}.Debug|Any CPU.Build.0 = Debug|Any CPU
		{2C3B9217-E012-4681-97CE-F0A658C40336}.Debug|x86.ActiveCfg = Debug|Any CPU
		{2C3B9217-E012-4681-97CE-F0A658C40336}.Debug|x86.Build.0 = Debug|Any CPU
		{2C3B9217-E012-4681-97CE-F0A658C40336}.Release|Any CPU.ActiveCfg = Release|Any CPU
		{2C3B9217-E012-4681-97CE-F0A658C40336}.Release|Any CPU.Build.0 = Release|Any CPU
		{2C3B9217-E012-4681-97CE-F0A658C40336}.Release|x86.ActiveCfg = Release|Any CPU
		{2C3B9217-E012-4681-97CE-F0A658C40336}.Release|x86.Build.0 = Release|Any CPU
		{B9AA5DD9-28D1-445D-8FDD-6195DC479BCC}.Debug|Any CPU.ActiveCfg = Debug|Any CPU
		{B9AA5DD9-28D1-445D-8FDD-6195DC479BCC}.Debug|Any CPU.Build.0 = Debug|Any CPU
		{B9AA5DD9-28D1-445D-8FDD-6195DC479BCC}.Debug|x86.ActiveCfg = Debug|Any CPU
		{B9AA5DD9-28D1-445D-8FDD-6195DC479BCC}.Debug|x86.Build.0 = Debug|Any CPU
		{B9AA5DD9-28D1-445D-8FDD-6195DC479BCC}.Release|Any CPU.ActiveCfg = Release|Any CPU
		{B9AA5DD9-28D1-445D-8FDD-6195DC479BCC}.Release|Any CPU.Build.0 = Release|Any CPU
		{B9AA5DD9-28D1-445D-8FDD-6195DC479BCC}.Release|x86.ActiveCfg = Release|Any CPU
		{B9AA5DD9-28D1-445D-8FDD-6195DC479BCC}.Release|x86.Build.0 = Release|Any CPU
		{5190E508-E052-41D5-8824-EA472241489A}.Debug|Any CPU.ActiveCfg = Debug|Any CPU
		{5190E508-E052-41D5-8824-EA472241489A}.Debug|Any CPU.Build.0 = Debug|Any CPU
		{5190E508-E052-41D5-8824-EA472241489A}.Debug|x86.ActiveCfg = Debug|Any CPU
		{5190E508-E052-41D5-8824-EA472241489A}.Debug|x86.Build.0 = Debug|Any CPU
		{5190E508-E052-41D5-8824-EA472241489A}.Release|Any CPU.ActiveCfg = Release|Any CPU
		{5190E508-E052-41D5-8824-EA472241489A}.Release|Any CPU.Build.0 = Release|Any CPU
		{5190E508-E052-41D5-8824-EA472241489A}.Release|x86.ActiveCfg = Release|Any CPU
		{5190E508-E052-41D5-8824-EA472241489A}.Release|x86.Build.0 = Release|Any CPU
		{7619DB88-6286-4EF1-8273-2A08CC8AC70E}.Debug|Any CPU.ActiveCfg = Debug|Any CPU
		{7619DB88-6286-4EF1-8273-2A08CC8AC70E}.Debug|Any CPU.Build.0 = Debug|Any CPU
		{7619DB88-6286-4EF1-8273-2A08CC8AC70E}.Debug|x86.ActiveCfg = Debug|Any CPU
		{7619DB88-6286-4EF1-8273-2A08CC8AC70E}.Debug|x86.Build.0 = Debug|Any CPU
		{7619DB88-6286-4EF1-8273-2A08CC8AC70E}.Release|Any CPU.ActiveCfg = Release|Any CPU
		{7619DB88-6286-4EF1-8273-2A08CC8AC70E}.Release|Any CPU.Build.0 = Release|Any CPU
		{7619DB88-6286-4EF1-8273-2A08CC8AC70E}.Release|x86.ActiveCfg = Release|Any CPU
		{7619DB88-6286-4EF1-8273-2A08CC8AC70E}.Release|x86.Build.0 = Release|Any CPU
		{16272550-75E6-4B9D-91E3-653BD141C755}.Debug|Any CPU.ActiveCfg = Debug|Any CPU
		{16272550-75E6-4B9D-91E3-653BD141C755}.Debug|Any CPU.Build.0 = Debug|Any CPU
		{16272550-75E6-4B9D-91E3-653BD141C755}.Debug|x86.ActiveCfg = Debug|Any CPU
		{16272550-75E6-4B9D-91E3-653BD141C755}.Debug|x86.Build.0 = Debug|Any CPU
		{16272550-75E6-4B9D-91E3-653BD141C755}.Release|Any CPU.ActiveCfg = Release|Any CPU
		{16272550-75E6-4B9D-91E3-653BD141C755}.Release|Any CPU.Build.0 = Release|Any CPU
		{16272550-75E6-4B9D-91E3-653BD141C755}.Release|x86.ActiveCfg = Release|Any CPU
		{16272550-75E6-4B9D-91E3-653BD141C755}.Release|x86.Build.0 = Release|Any CPU
		{10A5791A-E568-47B8-B61F-10639B487063}.Debug|Any CPU.ActiveCfg = Debug|Any CPU
		{10A5791A-E568-47B8-B61F-10639B487063}.Debug|Any CPU.Build.0 = Debug|Any CPU
		{10A5791A-E568-47B8-B61F-10639B487063}.Debug|x86.ActiveCfg = Debug|Any CPU
		{10A5791A-E568-47B8-B61F-10639B487063}.Debug|x86.Build.0 = Debug|Any CPU
		{10A5791A-E568-47B8-B61F-10639B487063}.Release|Any CPU.ActiveCfg = Release|Any CPU
		{10A5791A-E568-47B8-B61F-10639B487063}.Release|Any CPU.Build.0 = Release|Any CPU
		{10A5791A-E568-47B8-B61F-10639B487063}.Release|x86.ActiveCfg = Release|Any CPU
		{10A5791A-E568-47B8-B61F-10639B487063}.Release|x86.Build.0 = Release|Any CPU
		{9B7F2A7D-4755-42BF-ABFF-7A36832CC7A9}.Debug|Any CPU.ActiveCfg = Debug|Any CPU
		{9B7F2A7D-4755-42BF-ABFF-7A36832CC7A9}.Debug|Any CPU.Build.0 = Debug|Any CPU
		{9B7F2A7D-4755-42BF-ABFF-7A36832CC7A9}.Debug|x86.ActiveCfg = Debug|Any CPU
		{9B7F2A7D-4755-42BF-ABFF-7A36832CC7A9}.Debug|x86.Build.0 = Debug|Any CPU
		{9B7F2A7D-4755-42BF-ABFF-7A36832CC7A9}.Release|Any CPU.ActiveCfg = Release|Any CPU
		{9B7F2A7D-4755-42BF-ABFF-7A36832CC7A9}.Release|Any CPU.Build.0 = Release|Any CPU
		{9B7F2A7D-4755-42BF-ABFF-7A36832CC7A9}.Release|x86.ActiveCfg = Release|Any CPU
		{9B7F2A7D-4755-42BF-ABFF-7A36832CC7A9}.Release|x86.Build.0 = Release|Any CPU
	EndGlobalSection
	GlobalSection(SolutionProperties) = preSolution
		HideSolutionNode = FALSE
	EndGlobalSection
	GlobalSection(NestedProjects) = preSolution
		{10A5791A-E568-47B8-B61F-10639B487063} = {15A2464B-6088-483E-B763-B85F6EFCB851}
		{9B7F2A7D-4755-42BF-ABFF-7A36832CC7A9} = {15A2464B-6088-483E-B763-B85F6EFCB851}
	EndGlobalSection
EndGlobal
