
Microsoft Visual Studio Solution File, Format Version 12.00
# Visual Studio 15
VisualStudioVersion = 15.0.27428.2005
MinimumVisualStudioVersion = 10.0.40219.1
Project("{AA6C8D78-22FF-423A-9C7C-5F2393824E04}") = "ExcelTest", "ExcelTest\ExcelTest.xsproj", "{F3E5AB24-42EA-4E3F-B94D-9D312D110828}"
EndProject
Global
	GlobalSection(SolutionConfigurationPlatforms) = preSolution
		Debug|Any CPU = Debug|Any CPU
		Release|Any CPU = Release|Any CPU
	EndGlobalSection
	GlobalSection(ProjectConfigurationPlatforms) = postSolution
		{F3E5AB24-42EA-4E3F-B94D-9D312D110828}.Debug|Any CPU.ActiveCfg = Debug|Any CPU
		{F3E5AB24-42EA-4E3F-B94D-9D312D110828}.Debug|Any CPU.Build.0 = Debug|Any CPU
		{F3E5AB24-42EA-4E3F-B94D-9D312D110828}.Release|Any CPU.ActiveCfg = Release|Any CPU
		{F3E5AB24-42EA-4E3F-B94D-9D312D110828}.Release|Any CPU.Build.0 = Release|Any CPU
	EndGlobalSection
	GlobalSection(SolutionProperties) = preSolution
		HideSolutionNode = FALSE
	EndGlobalSection
	GlobalSection(ExtensibilityGlobals) = postSolution
		SolutionGuid = {42A6012A-1824-4468-AC8F-C3B70410EF9B}
	EndGlobalSection
EndGlobal
