
Microsoft Visual Studio Solution File, Format Version 12.00
# Visual Studio 15
VisualStudioVersion = 15.0.28307.168
MinimumVisualStudioVersion = 10.0.40219.1
Project("{AA6C8D78-22FF-423A-9C7C-5F2393824E04}") = "Explorer", "Explorer\Explorer.xsproj", "{BF102398-AABB-4141-BE44-2249006869DE}"
EndProject
Global
	GlobalSection(SolutionConfigurationPlatforms) = preSolution
		Debug|Any CPU = Debug|Any CPU
		Release|Any CPU = Release|Any CPU
	EndGlobalSection
	GlobalSection(ProjectConfigurationPlatforms) = postSolution
		{BF102398-AABB-4141-BE44-2249006869DE}.Debug|Any CPU.ActiveCfg = Debug|Any CPU
		{BF102398-AABB-4141-BE44-2249006869DE}.Debug|Any CPU.Build.0 = Debug|Any CPU
		{BF102398-AABB-4141-BE44-2249006869DE}.Release|Any CPU.ActiveCfg = Release|Any CPU
		{BF102398-AABB-4141-BE44-2249006869DE}.Release|Any CPU.Build.0 = Release|Any CPU
	EndGlobalSection
	GlobalSection(SolutionProperties) = preSolution
		HideSolutionNode = FALSE
	EndGlobalSection
	GlobalSection(ExtensibilityGlobals) = postSolution
		SolutionGuid = {0F6057D5-C25E-49B9-A4FC-4B5EE49F5055}
	EndGlobalSection
EndGlobal
