
Microsoft Visual Studio Solution File, Format Version 12.00
# Visual Studio 15
VisualStudioVersion = 15.0.28307.168
MinimumVisualStudioVersion = 10.0.40219.1
Project("{AA6C8D78-22FF-423A-9C7C-5F2393824E04}") = "Vopad", "Vopad\Vopad.xsproj", "{7DD3A029-F345-4854-A397-421854F0FB1F}"
EndProject
Global
	GlobalSection(SolutionConfigurationPlatforms) = preSolution
		Debug|Any CPU = Debug|Any CPU
		Release|Any CPU = Release|Any CPU
	EndGlobalSection
	GlobalSection(ProjectConfigurationPlatforms) = postSolution
		{7DD3A029-F345-4854-A397-421854F0FB1F}.Debug|Any CPU.ActiveCfg = Debug|Any CPU
		{7DD3A029-F345-4854-A397-421854F0FB1F}.Debug|Any CPU.Build.0 = Debug|Any CPU
		{7DD3A029-F345-4854-A397-421854F0FB1F}.Release|Any CPU.ActiveCfg = Release|Any CPU
		{7DD3A029-F345-4854-A397-421854F0FB1F}.Release|Any CPU.Build.0 = Release|Any CPU
	EndGlobalSection
	GlobalSection(SolutionProperties) = preSolution
		HideSolutionNode = FALSE
	EndGlobalSection
	GlobalSection(ExtensibilityGlobals) = postSolution
		SolutionGuid = {1677289D-858A-4A2F-BABC-DBCB23E5DCA0}
	EndGlobalSection
EndGlobal
