
Microsoft Visual Studio Solution File, Format Version 12.00
# Visual Studio 15
VisualStudioVersion = 15.0.28307.779
MinimumVisualStudioVersion = 10.0.40219.1
Project("{AA6C8D78-22FF-423A-9C7C-5F2393824E04}") = "Pizza", "Pizza\Pizza.xsproj", "{593E48A5-7BEA-4EEB-9302-D133BB98FF47}"
EndProject
Global
	GlobalSection(SolutionConfigurationPlatforms) = preSolution
		Debug|Any CPU = Debug|Any CPU
		Release|Any CPU = Release|Any CPU
	EndGlobalSection
	GlobalSection(ProjectConfigurationPlatforms) = postSolution
		{593E48A5-7BEA-4EEB-9302-D133BB98FF47}.Debug|Any CPU.ActiveCfg = Debug|Any CPU
		{593E48A5-7BEA-4EEB-9302-D133BB98FF47}.Debug|Any CPU.Build.0 = Debug|Any CPU
		{593E48A5-7BEA-4EEB-9302-D133BB98FF47}.Release|Any CPU.ActiveCfg = Release|Any CPU
		{593E48A5-7BEA-4EEB-9302-D133BB98FF47}.Release|Any CPU.Build.0 = Release|Any CPU
	EndGlobalSection
	GlobalSection(SolutionProperties) = preSolution
		HideSolutionNode = FALSE
	EndGlobalSection
	GlobalSection(ExtensibilityGlobals) = postSolution
		SolutionGuid = {DE841B37-1EBE-4074-9661-3E39C8506E5D}
	EndGlobalSection
EndGlobal
