
Microsoft Visual Studio Solution File, Format Version 12.00
# Visual Studio 14
VisualStudioVersion = 14.0.25420.1
MinimumVisualStudioVersion = 10.0.40219.1
Project("{AA6C8D78-22FF-423A-9C7C-5F2393824E04}") = "Yield", "Yield\Yield.xsproj", "{AAA5D7CF-FEAE-438E-9806-685AC6709FB4}"
EndProject
Project("{AA6C8D78-22FF-423A-9C7C-5F2393824E04}") = "LINQ", "LINQ\LINQ.xsproj", "{A5107716-7514-406B-AC6F-8BFBE1C3652F}"
EndProject
Project("{AA6C8D78-22FF-423A-9C7C-5F2393824E04}") = "Generic", "Generic\Generic.xsproj", "{FA92DBC1-D087-478A-B754-31DFCCC5C394}"
EndProject
Project("{AA6C8D78-22FF-423A-9C7C-5F2393824E04}") = "Anonymous Methods", "Anonymous\Anonymous Methods.xsproj", "{4ABADA3C-AEBA-4682-85D0-4D757C754F29}"
EndProject
Project("{AA6C8D78-22FF-423A-9C7C-5F2393824E04}") = "BYOR", "BYOR\BYOR.xsproj", "{15C497EB-929B-4000-B6C3-B6C6E7E6AADF}"
EndProject
Project("{AA6C8D78-22FF-423A-9C7C-5F2393824E04}") = "ASync", "ASync\ASync.xsproj", "{0C827B11-4DEC-44E1-A46F-77B96B659239}"
EndProject
Project("{AA6C8D78-22FF-423A-9C7C-5F2393824E04}") = "Checked", "Checked\Checked.xsproj", "{3AAA997E-23D5-4F4B-AECA-206D153C1AB0}"
EndProject
Project("{AA6C8D78-22FF-423A-9C7C-5F2393824E04}") = "Using", "Using\Using.xsproj", "{74045266-2160-4BA9-8B11-DD07995178BC}"
EndProject
Project("{AA6C8D78-22FF-423A-9C7C-5F2393824E04}") = "Var", "Var\Var.xsproj", "{FF7DB3A7-547D-49E2-A0FE-6D2AF8710A27}"
EndProject
Project("{AA6C8D78-22FF-423A-9C7C-5F2393824E04}") = "Switch", "Switch\Switch.xsproj", "{187B9CE2-982F-416C-A353-93CA84B586C8}"
EndProject
Project("{AA6C8D78-22FF-423A-9C7C-5F2393824E04}") = "Expressions", "Expressions\Expressions.xsproj", "{6012A5F9-A7DF-4200-A9DC-F6D7009F86BE}"
EndProject
Project("{AA6C8D78-22FF-423A-9C7C-5F2393824E04}") = "Initializers", "Initiliazers\Initializers.xsproj", "{000F1273-B916-4EB5-8B20-C554487E42D3}"
EndProject
Global
	GlobalSection(SolutionConfigurationPlatforms) = preSolution
		Debug|Any CPU = Debug|Any CPU
		Release|Any CPU = Release|Any CPU
	EndGlobalSection
	GlobalSection(ProjectConfigurationPlatforms) = postSolution
		{AAA5D7CF-FEAE-438E-9806-685AC6709FB4}.Debug|Any CPU.ActiveCfg = Debug|Any CPU
		{AAA5D7CF-FEAE-438E-9806-685AC6709FB4}.Debug|Any CPU.Build.0 = Debug|Any CPU
		{AAA5D7CF-FEAE-438E-9806-685AC6709FB4}.Release|Any CPU.ActiveCfg = Release|Any CPU
		{AAA5D7CF-FEAE-438E-9806-685AC6709FB4}.Release|Any CPU.Build.0 = Release|Any CPU
		{A5107716-7514-406B-AC6F-8BFBE1C3652F}.Debug|Any CPU.ActiveCfg = Debug|Any CPU
		{A5107716-7514-406B-AC6F-8BFBE1C3652F}.Debug|Any CPU.Build.0 = Debug|Any CPU
		{A5107716-7514-406B-AC6F-8BFBE1C3652F}.Release|Any CPU.ActiveCfg = Release|Any CPU
		{A5107716-7514-406B-AC6F-8BFBE1C3652F}.Release|Any CPU.Build.0 = Release|Any CPU
		{FA92DBC1-D087-478A-B754-31DFCCC5C394}.Debug|Any CPU.ActiveCfg = Debug|Any CPU
		{FA92DBC1-D087-478A-B754-31DFCCC5C394}.Debug|Any CPU.Build.0 = Debug|Any CPU
		{FA92DBC1-D087-478A-B754-31DFCCC5C394}.Release|Any CPU.ActiveCfg = Release|Any CPU
		{FA92DBC1-D087-478A-B754-31DFCCC5C394}.Release|Any CPU.Build.0 = Release|Any CPU
		{4ABADA3C-AEBA-4682-85D0-4D757C754F29}.Debug|Any CPU.ActiveCfg = Debug|Any CPU
		{4ABADA3C-AEBA-4682-85D0-4D757C754F29}.Debug|Any CPU.Build.0 = Debug|Any CPU
		{4ABADA3C-AEBA-4682-85D0-4D757C754F29}.Release|Any CPU.ActiveCfg = Release|Any CPU
		{4ABADA3C-AEBA-4682-85D0-4D757C754F29}.Release|Any CPU.Build.0 = Release|Any CPU
		{15C497EB-929B-4000-B6C3-B6C6E7E6AADF}.Debug|Any CPU.ActiveCfg = Debug|Any CPU
		{15C497EB-929B-4000-B6C3-B6C6E7E6AADF}.Debug|Any CPU.Build.0 = Debug|Any CPU
		{15C497EB-929B-4000-B6C3-B6C6E7E6AADF}.Release|Any CPU.ActiveCfg = Release|Any CPU
		{15C497EB-929B-4000-B6C3-B6C6E7E6AADF}.Release|Any CPU.Build.0 = Release|Any CPU
		{0C827B11-4DEC-44E1-A46F-77B96B659239}.Debug|Any CPU.ActiveCfg = Debug|Any CPU
		{0C827B11-4DEC-44E1-A46F-77B96B659239}.Debug|Any CPU.Build.0 = Debug|Any CPU
		{0C827B11-4DEC-44E1-A46F-77B96B659239}.Release|Any CPU.ActiveCfg = Release|Any CPU
		{0C827B11-4DEC-44E1-A46F-77B96B659239}.Release|Any CPU.Build.0 = Release|Any CPU
		{3AAA997E-23D5-4F4B-AECA-206D153C1AB0}.Debug|Any CPU.ActiveCfg = Debug|Any CPU
		{3AAA997E-23D5-4F4B-AECA-206D153C1AB0}.Debug|Any CPU.Build.0 = Debug|Any CPU
		{3AAA997E-23D5-4F4B-AECA-206D153C1AB0}.Release|Any CPU.ActiveCfg = Release|Any CPU
		{3AAA997E-23D5-4F4B-AECA-206D153C1AB0}.Release|Any CPU.Build.0 = Release|Any CPU
		{74045266-2160-4BA9-8B11-DD07995178BC}.Debug|Any CPU.ActiveCfg = Debug|Any CPU
		{74045266-2160-4BA9-8B11-DD07995178BC}.Debug|Any CPU.Build.0 = Debug|Any CPU
		{74045266-2160-4BA9-8B11-DD07995178BC}.Release|Any CPU.ActiveCfg = Release|Any CPU
		{74045266-2160-4BA9-8B11-DD07995178BC}.Release|Any CPU.Build.0 = Release|Any CPU
		{FF7DB3A7-547D-49E2-A0FE-6D2AF8710A27}.Debug|Any CPU.ActiveCfg = Debug|Any CPU
		{FF7DB3A7-547D-49E2-A0FE-6D2AF8710A27}.Debug|Any CPU.Build.0 = Debug|Any CPU
		{FF7DB3A7-547D-49E2-A0FE-6D2AF8710A27}.Release|Any CPU.ActiveCfg = Release|Any CPU
		{FF7DB3A7-547D-49E2-A0FE-6D2AF8710A27}.Release|Any CPU.Build.0 = Release|Any CPU
		{187B9CE2-982F-416C-A353-93CA84B586C8}.Debug|Any CPU.ActiveCfg = Debug|Any CPU
		{187B9CE2-982F-416C-A353-93CA84B586C8}.Debug|Any CPU.Build.0 = Debug|Any CPU
		{187B9CE2-982F-416C-A353-93CA84B586C8}.Release|Any CPU.ActiveCfg = Release|Any CPU
		{187B9CE2-982F-416C-A353-93CA84B586C8}.Release|Any CPU.Build.0 = Release|Any CPU
		{6012A5F9-A7DF-4200-A9DC-F6D7009F86BE}.Debug|Any CPU.ActiveCfg = Debug|Any CPU
		{6012A5F9-A7DF-4200-A9DC-F6D7009F86BE}.Debug|Any CPU.Build.0 = Debug|Any CPU
		{6012A5F9-A7DF-4200-A9DC-F6D7009F86BE}.Release|Any CPU.ActiveCfg = Release|Any CPU
		{6012A5F9-A7DF-4200-A9DC-F6D7009F86BE}.Release|Any CPU.Build.0 = Release|Any CPU
		{000F1273-B916-4EB5-8B20-C554487E42D3}.Debug|Any CPU.ActiveCfg = Debug|Any CPU
		{000F1273-B916-4EB5-8B20-C554487E42D3}.Debug|Any CPU.Build.0 = Debug|Any CPU
		{000F1273-B916-4EB5-8B20-C554487E42D3}.Release|Any CPU.ActiveCfg = Release|Any CPU
		{000F1273-B916-4EB5-8B20-C554487E42D3}.Release|Any CPU.Build.0 = Release|Any CPU
	EndGlobalSection
	GlobalSection(SolutionProperties) = preSolution
		HideSolutionNode = FALSE
	EndGlobalSection
EndGlobal
