
Microsoft Visual Studio Solution File, Format Version 12.00
# Visual Studio 14
VisualStudioVersion = 14.0.24720.0
MinimumVisualStudioVersion = 10.0.40219.1
Project("{FAE04EC0-301F-11D3-BF4B-00C04F79EFBC}") = "XSharp.Build", "src\VisualStudio\XSharp.Build\XSharp.Build.csproj", "{CD315B80-8E6F-4EF3-AE9B-ED39795EDF9B}"
EndProject
Project("{FAE04EC0-301F-11D3-BF4B-00C04F79EFBC}") = "XSharp.ProjectType", "src\VisualStudio\XSharp.ProjectType\XSharp.ProjectType.csproj", "{679502AC-264C-40AC-9E3A-587F2A27F08B}"
	ProjectSection(ProjectDependencies) = postProject
		{BD3EBF3F-1AE6-4C08-8E7A-C63F8956DA1D} = {BD3EBF3F-1AE6-4C08-8E7A-C63F8956DA1D}
		{CD315B80-8E6F-4EF3-AE9B-ED39795EDF9B} = {CD315B80-8E6F-4EF3-AE9B-ED39795EDF9B}
	EndProjectSection
EndProject
Project("{2150E333-8FDC-42A3-9474-1A3956D46DE8}") = "ItemTemplates", "ItemTemplates", "{2BF1BFDC-0DA1-4401-AF70-BCEA8CF6D6FA}"
EndProject
Project("{2150E333-8FDC-42A3-9474-1A3956D46DE8}") = "ProjectTemplates", "ProjectTemplates", "{49745B59-A3A0-40A7-9D6F-1924FB5CF9E2}"
EndProject
Project("{FAE04EC0-301F-11D3-BF4B-00C04F79EFBC}") = "Class", "src\VisualStudio\ItemTemplates\Class\Class.csproj", "{CC651BAC-3002-43CD-AA8F-7F667E754430}"
EndProject
Project("{FAE04EC0-301F-11D3-BF4B-00C04F79EFBC}") = "CodeFile", "src\VisualStudio\ItemTemplates\CodeFile\CodeFile.csproj", "{BD3EBF3F-1AE6-4C08-8E7A-C63F8956DA1D}"
EndProject
Project("{FAE04EC0-301F-11D3-BF4B-00C04F79EFBC}") = "ClassLibrary", "src\VisualStudio\ProjectTemplates\ClassLibrary\ClassLibrary.csproj", "{91C58B0A-68C7-4437-8B82-706C60FFEF86}"
EndProject
Project("{FAE04EC0-301F-11D3-BF4B-00C04F79EFBC}") = "ConsoleApplication", "src\VisualStudio\ProjectTemplates\Console\ConsoleApplication.csproj", "{B06F938F-F8A1-4FA5-BAF2-97706CC7DCE2}"
EndProject
Project("{FAE04EC0-301F-11D3-BF4B-00C04F79EFBC}") = "WinFormApp", "src\VisualStudio\ProjectTemplates\WinFormApp\WinFormApp.csproj", "{CD800FFF-3777-4D22-805F-0E22EEF7D5A0}"
EndProject
Project("{FAE04EC0-301F-11D3-BF4B-00C04F79EFBC}") = "Header", "Header\Header.csproj", "{B6328631-4D7B-4EBC-BA7B-E2518AB1C25C}"
EndProject
Global
	GlobalSection(SolutionConfigurationPlatforms) = preSolution
		Debug|Any CPU = Debug|Any CPU
		Debug|ARM = Debug|ARM
		Debug|Mixed Platforms = Debug|Mixed Platforms
		Debug|x64 = Debug|x64
		Debug|x86 = Debug|x86
		Release|Any CPU = Release|Any CPU
		Release|ARM = Release|ARM
		Release|Mixed Platforms = Release|Mixed Platforms
		Release|x64 = Release|x64
		Release|x86 = Release|x86
	EndGlobalSection
	GlobalSection(ProjectConfigurationPlatforms) = postSolution
		{CD315B80-8E6F-4EF3-AE9B-ED39795EDF9B}.Debug|Any CPU.ActiveCfg = Debug|Any CPU
		{CD315B80-8E6F-4EF3-AE9B-ED39795EDF9B}.Debug|Any CPU.Build.0 = Debug|Any CPU
		{CD315B80-8E6F-4EF3-AE9B-ED39795EDF9B}.Debug|ARM.ActiveCfg = Debug|Any CPU
		{CD315B80-8E6F-4EF3-AE9B-ED39795EDF9B}.Debug|Mixed Platforms.ActiveCfg = Debug|Any CPU
		{CD315B80-8E6F-4EF3-AE9B-ED39795EDF9B}.Debug|x64.ActiveCfg = Debug|Any CPU
		{CD315B80-8E6F-4EF3-AE9B-ED39795EDF9B}.Debug|x86.ActiveCfg = Debug|Any CPU
		{CD315B80-8E6F-4EF3-AE9B-ED39795EDF9B}.Release|Any CPU.ActiveCfg = Release|Any CPU
		{CD315B80-8E6F-4EF3-AE9B-ED39795EDF9B}.Release|Any CPU.Build.0 = Release|Any CPU
		{CD315B80-8E6F-4EF3-AE9B-ED39795EDF9B}.Release|ARM.ActiveCfg = Release|Any CPU
		{CD315B80-8E6F-4EF3-AE9B-ED39795EDF9B}.Release|Mixed Platforms.ActiveCfg = Release|Any CPU
		{CD315B80-8E6F-4EF3-AE9B-ED39795EDF9B}.Release|x64.ActiveCfg = Release|Any CPU
		{CD315B80-8E6F-4EF3-AE9B-ED39795EDF9B}.Release|x86.ActiveCfg = Release|Any CPU
		{679502AC-264C-40AC-9E3A-587F2A27F08B}.Debug|Any CPU.ActiveCfg = Debug|Any CPU
		{679502AC-264C-40AC-9E3A-587F2A27F08B}.Debug|Any CPU.Build.0 = Debug|Any CPU
		{679502AC-264C-40AC-9E3A-587F2A27F08B}.Debug|ARM.ActiveCfg = Debug|Any CPU
		{679502AC-264C-40AC-9E3A-587F2A27F08B}.Debug|Mixed Platforms.ActiveCfg = Debug|Any CPU
		{679502AC-264C-40AC-9E3A-587F2A27F08B}.Debug|x64.ActiveCfg = Debug|Any CPU
		{679502AC-264C-40AC-9E3A-587F2A27F08B}.Debug|x86.ActiveCfg = Debug|Any CPU
		{679502AC-264C-40AC-9E3A-587F2A27F08B}.Release|Any CPU.ActiveCfg = Release|Any CPU
		{679502AC-264C-40AC-9E3A-587F2A27F08B}.Release|Any CPU.Build.0 = Release|Any CPU
		{679502AC-264C-40AC-9E3A-587F2A27F08B}.Release|ARM.ActiveCfg = Release|Any CPU
		{679502AC-264C-40AC-9E3A-587F2A27F08B}.Release|Mixed Platforms.ActiveCfg = Release|Any CPU
		{679502AC-264C-40AC-9E3A-587F2A27F08B}.Release|x64.ActiveCfg = Release|Any CPU
		{679502AC-264C-40AC-9E3A-587F2A27F08B}.Release|x86.ActiveCfg = Release|Any CPU
		{CC651BAC-3002-43CD-AA8F-7F667E754430}.Debug|Any CPU.ActiveCfg = Debug|Any CPU
		{CC651BAC-3002-43CD-AA8F-7F667E754430}.Debug|Any CPU.Build.0 = Debug|Any CPU
		{CC651BAC-3002-43CD-AA8F-7F667E754430}.Debug|ARM.ActiveCfg = Debug|Any CPU
		{CC651BAC-3002-43CD-AA8F-7F667E754430}.Debug|Mixed Platforms.ActiveCfg = Debug|Any CPU
		{CC651BAC-3002-43CD-AA8F-7F667E754430}.Debug|x64.ActiveCfg = Debug|Any CPU
		{CC651BAC-3002-43CD-AA8F-7F667E754430}.Debug|x86.ActiveCfg = Debug|Any CPU
		{CC651BAC-3002-43CD-AA8F-7F667E754430}.Release|Any CPU.ActiveCfg = Release|Any CPU
		{CC651BAC-3002-43CD-AA8F-7F667E754430}.Release|Any CPU.Build.0 = Release|Any CPU
		{CC651BAC-3002-43CD-AA8F-7F667E754430}.Release|ARM.ActiveCfg = Release|Any CPU
		{CC651BAC-3002-43CD-AA8F-7F667E754430}.Release|Mixed Platforms.ActiveCfg = Release|Any CPU
		{CC651BAC-3002-43CD-AA8F-7F667E754430}.Release|x64.ActiveCfg = Release|Any CPU
		{CC651BAC-3002-43CD-AA8F-7F667E754430}.Release|x86.ActiveCfg = Release|Any CPU
		{BD3EBF3F-1AE6-4C08-8E7A-C63F8956DA1D}.Debug|Any CPU.ActiveCfg = Debug|Any CPU
		{BD3EBF3F-1AE6-4C08-8E7A-C63F8956DA1D}.Debug|Any CPU.Build.0 = Debug|Any CPU
		{BD3EBF3F-1AE6-4C08-8E7A-C63F8956DA1D}.Debug|ARM.ActiveCfg = Debug|Any CPU
		{BD3EBF3F-1AE6-4C08-8E7A-C63F8956DA1D}.Debug|Mixed Platforms.ActiveCfg = Debug|Any CPU
		{BD3EBF3F-1AE6-4C08-8E7A-C63F8956DA1D}.Debug|x64.ActiveCfg = Debug|Any CPU
		{BD3EBF3F-1AE6-4C08-8E7A-C63F8956DA1D}.Debug|x86.ActiveCfg = Debug|Any CPU
		{BD3EBF3F-1AE6-4C08-8E7A-C63F8956DA1D}.Release|Any CPU.ActiveCfg = Release|Any CPU
		{BD3EBF3F-1AE6-4C08-8E7A-C63F8956DA1D}.Release|Any CPU.Build.0 = Release|Any CPU
		{BD3EBF3F-1AE6-4C08-8E7A-C63F8956DA1D}.Release|ARM.ActiveCfg = Release|Any CPU
		{BD3EBF3F-1AE6-4C08-8E7A-C63F8956DA1D}.Release|Mixed Platforms.ActiveCfg = Release|Any CPU
		{BD3EBF3F-1AE6-4C08-8E7A-C63F8956DA1D}.Release|x64.ActiveCfg = Release|Any CPU
		{BD3EBF3F-1AE6-4C08-8E7A-C63F8956DA1D}.Release|x86.ActiveCfg = Release|Any CPU
		{91C58B0A-68C7-4437-8B82-706C60FFEF86}.Debug|Any CPU.ActiveCfg = Debug|Any CPU
		{91C58B0A-68C7-4437-8B82-706C60FFEF86}.Debug|Any CPU.Build.0 = Debug|Any CPU
		{91C58B0A-68C7-4437-8B82-706C60FFEF86}.Debug|ARM.ActiveCfg = Debug|Any CPU
		{91C58B0A-68C7-4437-8B82-706C60FFEF86}.Debug|Mixed Platforms.ActiveCfg = Debug|Any CPU
		{91C58B0A-68C7-4437-8B82-706C60FFEF86}.Debug|x64.ActiveCfg = Debug|Any CPU
		{91C58B0A-68C7-4437-8B82-706C60FFEF86}.Debug|x86.ActiveCfg = Debug|Any CPU
		{91C58B0A-68C7-4437-8B82-706C60FFEF86}.Release|Any CPU.ActiveCfg = Release|Any CPU
		{91C58B0A-68C7-4437-8B82-706C60FFEF86}.Release|Any CPU.Build.0 = Release|Any CPU
		{91C58B0A-68C7-4437-8B82-706C60FFEF86}.Release|ARM.ActiveCfg = Release|Any CPU
		{91C58B0A-68C7-4437-8B82-706C60FFEF86}.Release|Mixed Platforms.ActiveCfg = Release|Any CPU
		{91C58B0A-68C7-4437-8B82-706C60FFEF86}.Release|x64.ActiveCfg = Release|Any CPU
		{91C58B0A-68C7-4437-8B82-706C60FFEF86}.Release|x86.ActiveCfg = Release|Any CPU
		{B06F938F-F8A1-4FA5-BAF2-97706CC7DCE2}.Debug|Any CPU.ActiveCfg = Debug|Any CPU
		{B06F938F-F8A1-4FA5-BAF2-97706CC7DCE2}.Debug|Any CPU.Build.0 = Debug|Any CPU
		{B06F938F-F8A1-4FA5-BAF2-97706CC7DCE2}.Debug|ARM.ActiveCfg = Debug|Any CPU
		{B06F938F-F8A1-4FA5-BAF2-97706CC7DCE2}.Debug|Mixed Platforms.ActiveCfg = Debug|Any CPU
		{B06F938F-F8A1-4FA5-BAF2-97706CC7DCE2}.Debug|x64.ActiveCfg = Debug|Any CPU
		{B06F938F-F8A1-4FA5-BAF2-97706CC7DCE2}.Debug|x86.ActiveCfg = Debug|Any CPU
		{B06F938F-F8A1-4FA5-BAF2-97706CC7DCE2}.Release|Any CPU.ActiveCfg = Release|Any CPU
		{B06F938F-F8A1-4FA5-BAF2-97706CC7DCE2}.Release|Any CPU.Build.0 = Release|Any CPU
		{B06F938F-F8A1-4FA5-BAF2-97706CC7DCE2}.Release|ARM.ActiveCfg = Release|Any CPU
		{B06F938F-F8A1-4FA5-BAF2-97706CC7DCE2}.Release|Mixed Platforms.ActiveCfg = Release|Any CPU
		{B06F938F-F8A1-4FA5-BAF2-97706CC7DCE2}.Release|x64.ActiveCfg = Release|Any CPU
		{B06F938F-F8A1-4FA5-BAF2-97706CC7DCE2}.Release|x86.ActiveCfg = Release|Any CPU
		{CD800FFF-3777-4D22-805F-0E22EEF7D5A0}.Debug|Any CPU.ActiveCfg = Debug|Any CPU
		{CD800FFF-3777-4D22-805F-0E22EEF7D5A0}.Debug|Any CPU.Build.0 = Debug|Any CPU
		{CD800FFF-3777-4D22-805F-0E22EEF7D5A0}.Debug|ARM.ActiveCfg = Debug|Any CPU
		{CD800FFF-3777-4D22-805F-0E22EEF7D5A0}.Debug|Mixed Platforms.ActiveCfg = Debug|Any CPU
		{CD800FFF-3777-4D22-805F-0E22EEF7D5A0}.Debug|x64.ActiveCfg = Debug|Any CPU
		{CD800FFF-3777-4D22-805F-0E22EEF7D5A0}.Debug|x86.ActiveCfg = Debug|Any CPU
		{CD800FFF-3777-4D22-805F-0E22EEF7D5A0}.Release|Any CPU.ActiveCfg = Release|Any CPU
		{CD800FFF-3777-4D22-805F-0E22EEF7D5A0}.Release|Any CPU.Build.0 = Release|Any CPU
		{CD800FFF-3777-4D22-805F-0E22EEF7D5A0}.Release|ARM.ActiveCfg = Release|Any CPU
		{CD800FFF-3777-4D22-805F-0E22EEF7D5A0}.Release|Mixed Platforms.ActiveCfg = Release|Any CPU
		{CD800FFF-3777-4D22-805F-0E22EEF7D5A0}.Release|x64.ActiveCfg = Release|Any CPU
		{CD800FFF-3777-4D22-805F-0E22EEF7D5A0}.Release|x86.ActiveCfg = Release|Any CPU
		{B6328631-4D7B-4EBC-BA7B-E2518AB1C25C}.Debug|Any CPU.ActiveCfg = Debug|Any CPU
		{B6328631-4D7B-4EBC-BA7B-E2518AB1C25C}.Debug|Any CPU.Build.0 = Debug|Any CPU
		{B6328631-4D7B-4EBC-BA7B-E2518AB1C25C}.Debug|ARM.ActiveCfg = Debug|Any CPU
		{B6328631-4D7B-4EBC-BA7B-E2518AB1C25C}.Debug|Mixed Platforms.ActiveCfg = Debug|Any CPU
		{B6328631-4D7B-4EBC-BA7B-E2518AB1C25C}.Debug|x64.ActiveCfg = Debug|Any CPU
		{B6328631-4D7B-4EBC-BA7B-E2518AB1C25C}.Debug|x86.ActiveCfg = Debug|Any CPU
		{B6328631-4D7B-4EBC-BA7B-E2518AB1C25C}.Release|Any CPU.ActiveCfg = Release|Any CPU
		{B6328631-4D7B-4EBC-BA7B-E2518AB1C25C}.Release|Any CPU.Build.0 = Release|Any CPU
		{B6328631-4D7B-4EBC-BA7B-E2518AB1C25C}.Release|ARM.ActiveCfg = Release|Any CPU
		{B6328631-4D7B-4EBC-BA7B-E2518AB1C25C}.Release|Mixed Platforms.ActiveCfg = Release|Any CPU
		{B6328631-4D7B-4EBC-BA7B-E2518AB1C25C}.Release|x64.ActiveCfg = Release|Any CPU
		{B6328631-4D7B-4EBC-BA7B-E2518AB1C25C}.Release|x86.ActiveCfg = Release|Any CPU
	EndGlobalSection
	GlobalSection(SolutionProperties) = preSolution
		HideSolutionNode = FALSE
	EndGlobalSection
	GlobalSection(NestedProjects) = preSolution
		{CC651BAC-3002-43CD-AA8F-7F667E754430} = {2BF1BFDC-0DA1-4401-AF70-BCEA8CF6D6FA}
		{BD3EBF3F-1AE6-4C08-8E7A-C63F8956DA1D} = {2BF1BFDC-0DA1-4401-AF70-BCEA8CF6D6FA}
		{91C58B0A-68C7-4437-8B82-706C60FFEF86} = {49745B59-A3A0-40A7-9D6F-1924FB5CF9E2}
		{B06F938F-F8A1-4FA5-BAF2-97706CC7DCE2} = {49745B59-A3A0-40A7-9D6F-1924FB5CF9E2}
		{CD800FFF-3777-4D22-805F-0E22EEF7D5A0} = {49745B59-A3A0-40A7-9D6F-1924FB5CF9E2}
		{B6328631-4D7B-4EBC-BA7B-E2518AB1C25C} = {2BF1BFDC-0DA1-4401-AF70-BCEA8CF6D6FA}
	EndGlobalSection
EndGlobal
