<Solution>
<Configurations>
    <BuildType Name="Debug" />
    <BuildType Name="DocChinese" />
    <BuildType Name="Documentation" />
    <BuildType Name="Release" />
    <ProjectType Name="XSharp" TypeId="aa6c8d78-22ff-423a-9c7c-5f2393824e04" Extension = ".xsproj" />
</Configurations>
  <Folder Name="/Compiler/" />
  <Folder Name="/Compiler/CSharp/">
    <Project Path="Compiler/src/Tools/csc/csc.csproj" />
    <Project Path="Compiler/src/Tools/CSCompiler/CSCompiler.csproj" />
    <Project Path="Compiler/src/Tools/CSharpCodeAnalysis/CSharpCodeAnalysis.csproj" />
  </Folder>
  <Folder Name="/Compiler/Roslyn/" />
  <Folder Name="/Compiler/Roslyn/Core/">
    <Project Path="Roslyn/src/Compilers/Core/AnalyzerDriver/AnalyzerDriver.shproj" />
    <Project Path="Roslyn/src/Compilers/Server/VBCSCompiler/VBCSCompilerCommandLine.shproj" />
    <Project Path="Roslyn/src/Dependencies/Collections/Microsoft.CodeAnalysis.Collections.shproj" />
    <Project Path="Roslyn/src/Dependencies/PooledObjects/Microsoft.CodeAnalysis.PooledObjects.shproj" />
  </Folder>
  <Folder Name="/Compiler/Roslyn/CSharp/">
    <Project Path="Roslyn/src/Compilers/CSharp/csc/CscCommandLine.shproj" />
    <Project Path="Roslyn/src/Compilers/CSharp/CSharpAnalyzerDriver/CSharpAnalyzerDriver.shproj" />
  </Folder>
  <Folder Name="/Compiler/Roslyn/Tools/">
    <Project Path="Roslyn/src/Tools/Source/CompilerGeneratorTools/Source/BoundTreeGenerator/CompilersBoundTreeGenerator.csproj" />
    <Project Path="Roslyn/src/Tools/Source/CompilerGeneratorTools/Source/CSharpErrorFactsGenerator/CSharpErrorFactsGenerator.csproj" />
    <Project Path="Roslyn/src/Tools/Source/CompilerGeneratorTools/Source/CSharpSyntaxGenerator/CSharpSyntaxGenerator.csproj" />
  </Folder>
  <Folder Name="/Compiler/Tools/">
    <Project Path="Tools/Mono.Cecil/XSharp.MonoCecil.csproj" />
  </Folder>
  <Folder Name="/Compiler/XSharp/" />
  <Folder Name="/Compiler/XSharp/Build/">
    <Project Path="Compiler/src/Compiler/XSharpBuildTask/XSharp.Build.csproj" />
  </Folder>
  <Folder Name="/Compiler/XSharp/Compiler/">
    <Project Path="Compiler/src/Compiler/xsc/xsc.csproj">
      <BuildDependency Project="Compiler/src/Tools/csc/csc.csproj" />
      <BuildDependency Project="Compiler/src/Tools/CSCompiler/CSCompiler.csproj" />
      <BuildDependency Project="Compiler/src/Tools/CSharpCodeAnalysis/CSharpCodeAnalysis.csproj" />
    </Project>
    <Project Path="Compiler/src/Compiler/XSCompiler/XSCompiler.csproj">
      <BuildDependency Project="Compiler/src/Tools/csc/csc.csproj" />
      <BuildDependency Project="Compiler/src/Tools/CSCompiler/CSCompiler.csproj" />
      <BuildDependency Project="Compiler/src/Tools/CSharpCodeAnalysis/CSharpCodeAnalysis.csproj" />
    </Project>
    <Project Path="Compiler/src/Compiler/XSharpCodeAnalysis/XSharpCodeAnalysis.csproj">
      <BuildDependency Project="Compiler/src/Tools/csc/csc.csproj" />
      <BuildDependency Project="Compiler/src/Tools/CSCompiler/CSCompiler.csproj" />
      <BuildDependency Project="Compiler/src/Tools/CSharpCodeAnalysis/CSharpCodeAnalysis.csproj" />
    </Project>
    <Project Path="Compiler/src/Compiler/XSharpCodeAnalysis/XSharpVSParser.csproj">
      <BuildDependency Project="Compiler/src/Compiler/XSharpCodeAnalysis/XSharpCodeAnalysis.csproj" />
      <BuildDependency Project="Compiler/src/Tools/csc/csc.csproj" />
      <BuildDependency Project="Compiler/src/Tools/CSCompiler/CSCompiler.csproj" />
      <BuildDependency Project="Compiler/src/Tools/CSharpCodeAnalysis/CSharpCodeAnalysis.csproj" />
    </Project>
    <Project Path="Compiler/src/Compiler/XSharpEvaluator/XSharpEvaluator.csproj">
      <BuildDependency Project="Compiler/src/Tools/csc/csc.csproj" />
      <BuildDependency Project="Compiler/src/Tools/CSCompiler/CSCompiler.csproj" />
      <BuildDependency Project="Compiler/src/Tools/CSharpCodeAnalysis/CSharpCodeAnalysis.csproj" />
    </Project>
  </Folder>
  <Folder Name="/Compiler/XSharp/NuGet/">
    <Project Path="Compiler/src/NuGet/XSharp.Compiler.Tools/XSharp.Compiler.Tools.csproj">
      <BuildDependency Project="Compiler/src/Compiler/XSCompiler/XSCompiler.csproj" />
      <BuildDependency Project="Compiler/src/Compiler/XSharpBuildTask/XSharp.Build.csproj" />
      <BuildDependency Project="Compiler/src/Compiler/XSharpCodeAnalysis/XSharpCodeAnalysis.csproj" />
      <BuildDependency Project="Compiler/src/Scripting/XSharpScripting/XSharpScripting.csproj" />
      <BuildDependency Project="Compiler/src/Scripting/xsi/xsi.csproj" />
      <BuildDependency Project="Compiler/src/Tools/csc/csc.csproj" />
      <BuildDependency Project="Compiler/src/Tools/CSCompiler/CSCompiler.csproj" />
      <BuildDependency Project="Compiler/src/Tools/CSharpCodeAnalysis/CSharpCodeAnalysis.csproj" />
    </Project>
  </Folder>
  <Folder Name="/Compiler/XSharp/Scripting/">
    <Project Path="Compiler/src/Scripting/XSharpScripting/XSharpScripting.csproj">
      <BuildDependency Project="Compiler/src/Tools/csc/csc.csproj" />
      <BuildDependency Project="Compiler/src/Tools/CSCompiler/CSCompiler.csproj" />
      <BuildDependency Project="Compiler/src/Tools/CSharpCodeAnalysis/CSharpCodeAnalysis.csproj" />
    </Project>
    <Project Path="Compiler/src/Scripting/xsi/xsi.csproj">
      <BuildDependency Project="Compiler/src/Compiler/xsc/xsc.csproj" />
      <BuildDependency Project="Compiler/src/Compiler/XSCompiler/XSCompiler.csproj" />
    </Project>
  </Folder>
  <Folder Name="/RuntimeNet46/" />
  <Folder Name="/RuntimeNet46/VFPSDK/">
    <Project Path="Runtime/XSharp.VFP.UI/XSharp.VFP.UI.xsproj"  />
    <Project Path="Tests/XSharp.VFP.UI_Test/XSharp.VFP.UI_Test.xsproj"  />
  </Folder>
  <Folder Name="/RuntimeNet46/VOSDK-Typed/">
    <File Path="Runtime/VOSdkTyped/Source/VOSdk/VOSDK.Targets" />
    <File Path="Runtime/VOSdkTyped/Source/VOSdk/VOSDKDocs.Targets" />
    <Project Path="Runtime/VOSdkTyped/Source/VOSdk/Console_Classes_SDK/XSharp.VO.ConsoleClasses.xsproj"  />
    <Project Path="Runtime/VOSdkTyped/Source/VOSdk/GUI_Classes_SDK/XSharp.VO.GUIClasses.xsproj" />
    <Project Path="Runtime/VOSdkTyped/Source/VOSdk/RDD_Classes_SDK/XSharp.VO.RDDClasses.xsproj" />
    <Project Path="Runtime/VOSdkTyped/Source/VOSdk/SQL_Classes_SDK/XSharp.VO.SQLClasses.xsproj" />
    <Project Path="Runtime/VOSdkTyped/Source/VOSdk/System_Classes_SDK/XSharp.VO.SystemClasses.xsproj" />
  </Folder>
  <Folder Name="/RuntimeNet46/VOSDK/">
    <File Path="Runtime/VOSDK/Source/VOSDK/VOSDK.Targets" />
    <File Path="Runtime/VOSDK/Source/VOSDK/VOSDKDocs.Targets" />
    <Project Path="Runtime/VOSDK/Source/VOSDK/Console_Classes_SDK/VOConsoleClasses.xsproj" />
    <Project Path="Runtime/VOSDK/Source/VOSDK/GUI_Classes_SDK/VOGUIClasses.xsproj" />
    <Project Path="Runtime/VOSDK/Source/VOSDK/Internet_SDK/VOInternetClasses.xsproj" />
    <Project Path="Runtime/VOSDK/Source/VOSDK/RDD_Classes_SDK/VORDDClasses.xsproj" />
    <Project Path="Runtime/VOSDK/Source/VOSDK/Report_Classes_SDK/VOReportClasses.xsproj" />
    <Project Path="Runtime/VOSDK/Source/VOSDK/SQL_Classes_SDK/VOSQLClasses.xsproj" />
    <Project Path="Runtime/VOSDK/Source/VOSDK/System_Classes_SDK/VOSystemClasses.xsproj" />
    <Project Path="Runtime/VOSDK/Source/VOSDK/Win32_API_Library_SDK/VOWin32APILibrary.xsproj" />
  </Folder>
  <Folder Name="/RuntimeNet46/XsRuntime/">
    <Project Path="Runtime/MacroCompiler/MacroCompiler.csproj" />
    <Project Path="Runtime/XSharp.Core/XSharp.Core.xsproj" />
      <BuildDependency Project="Compiler/src/Compiler/xsc/xsc.csproj" />
    </Project>
    <Project Path="Runtime/XSharp.Data/XSharp.Data.xsproj" />
    <Project Path="Runtime/XSharp.Harbour/XSharp.Harbour.xsproj" />
    <Project Path="Runtime/XSharp.Rdd/XSharp.RDD.xsproj" />
    <Project Path="Runtime/XSharp.RT.Debugger/XSharp.RT.Debugger.xsproj" />
    <Project Path="Runtime/XSharp.RT/XSharp.RT.xsproj" />
    <Project Path="Runtime/XSharp.VFP/XSharp.VFP.xsproj" />
    <Project Path="Runtime/XSharp.VO/XSharp.VO.xsproj" />
    <Project Path="Runtime/XSharp.XPP/XSharp.XPP.xsproj" />
  </Folder>
  <Folder Name="/RuntimeNet8/" />
  <Folder Name="/RuntimeNet8/VOSDK/">
    <Project Path="Runtime/VOSDK/Source/VOSDK/Console_Classes_SDK/VOConsoleClasses.Next.xsproj" />
      <BuildDependency Project="Compiler/src/Compiler/xsc/xsc.csproj" />
      <BuildDependency Project="Runtime/XSharp.Core/XSharp.Core.Next.xsproj" />
      <BuildDependency Project="Runtime/XSharp.VO/XSharp.VO.Next.xsproj" />
    </Project>
    <Project Path="Runtime/VOSDK/Source/VOSDK/RDD_Classes_SDK/VORDDClasses.Next.xsproj" />
      <BuildDependency Project="Runtime/XSharp.VO/XSharp.VO.Next.xsproj" />
    </Project>
    <Project Path="Runtime/VOSDK/Source/VOSDK/System_Classes_SDK/VOSystemClasses.Next.xsproj" Type="aa6c8d78-22ff-423a-9c7c-5f2393824e04">
      <BuildDependency Project="Runtime/XSharp.Core/XSharp.Core.Next.xsproj" />
      <BuildDependency Project="Runtime/XSharp.RT/XSharp.RT.Next.xsproj" />
      <BuildDependency Project="Runtime/XSharp.VO/XSharp.VO.Next.xsproj" />
    </Project>
  </Folder>
  <Folder Name="/RuntimeNet8/VOSDKTyped/">
    <Project Path="Runtime/VOSdkTyped/Source/VOSdk/Console_Classes_SDK/XSharp.VO.ConsoleClasses.Next.xsproj" />
      <BuildDependency Project="Runtime/XSharp.Core/XSharp.Core.Next.xsproj" />
    </Project>
    <Project Path="Runtime/VOSdkTyped/Source/VOSdk/RDD_Classes_SDK/XSharp.VO.RDDClasses.Next.xsproj" />
      <BuildDependency Project="Runtime/VOSdkTyped/Source/VOSdk/System_Classes_SDK/XSharp.VO.SystemClasses.Next.xsproj" />
      <BuildDependency Project="Runtime/XSharp.Core/XSharp.Core.Next.xsproj" />
      <BuildDependency Project="Runtime/XSharp.RT/XSharp.RT.Next.xsproj" />
      <BuildDependency Project="Runtime/XSharp.VO/XSharp.VO.Next.xsproj" />
    </Project>
    <Project Path="Runtime/VOSdkTyped/Source/VOSdk/SQL_Classes_SDK/XSharp.VO.SQLClasses.Next.xsproj" Id="55399d21-e76c-4c41-9f85-2a7197eaecdd">
      <BuildDependency Project="Runtime/VOSdkTyped/Source/VOSdk/System_Classes_SDK/XSharp.VO.SystemClasses.Next.xsproj" />
    </Project>
    <Project Path="Runtime/VOSdkTyped/Source/VOSdk/System_Classes_SDK/XSharp.VO.SystemClasses.Next.xsproj" />
      <BuildDependency Project="Runtime/XSharp.Core/XSharp.Core.Next.xsproj" />
      <BuildDependency Project="Runtime/XSharp.VO/XSharp.VO.Next.xsproj" />
    </Project>
  </Folder>
  <Folder Name="/RuntimeNet8/Runtime/">
    <Project Path="Runtime/MacroCompiler/XSharp.MacroCompiler.Next.csproj" />
    <Project Path="Runtime/XSharp.Core/XSharp.Core.Next.xsproj" />
      <BuildDependency Project="Compiler/src/Compiler/xsc/xsc.csproj" />
    </Project>
    <Project Path="Runtime/XSharp.Data/XSharp.Data.Next.xsproj" />
      <BuildDependency Project="Runtime/XSharp.Core/XSharp.Core.Next.xsproj" />
      <BuildDependency Project="Runtime/XSharp.RT/XSharp.RT.Next.xsproj" />
    </Project>
    <Project Path="Runtime/XSharp.Harbour/XSharp.Harbour.Next.xsproj" />
      <BuildDependency Project="Runtime/XSharp.Core/XSharp.Core.Next.xsproj" />
      <BuildDependency Project="Runtime/XSharp.RT/XSharp.RT.Next.xsproj" />
    </Project>
    <Project Path="Runtime/XSharp.Rdd/XSharp.RDD.Next.xsproj" />
      <BuildDependency Project="Runtime/XSharp.Core/XSharp.Core.Next.xsproj" />
    </Project>
    <Project Path="Runtime/XSharp.RT.Debugger/XSharp.RT.Debugger.Next.xsproj" />
      <BuildDependency Project="Runtime/XSharp.Core/XSharp.Core.Next.xsproj" />
      <BuildDependency Project="Runtime/XSharp.RT/XSharp.RT.Next.xsproj" />
    </Project>
    <Project Path="Runtime/XSharp.RT/XSharp.RT.Next.xsproj" />
      <BuildDependency Project="Runtime/XSharp.Core/XSharp.Core.Next.xsproj" />
    </Project>
    <Project Path="Runtime/XSharp.VFP/XSharp.VFP.Next.xsproj" />
      <BuildDependency Project="Runtime/XSharp.Core/XSharp.Core.Next.xsproj" />
      <BuildDependency Project="Runtime/XSharp.Data/XSharp.Data.Next.xsproj" />
      <BuildDependency Project="Runtime/XSharp.RT/XSharp.RT.Next.xsproj" />
    </Project>
    <Project Path="Runtime/XSharp.VO/XSharp.VO.Next.xsproj" />
      <BuildDependency Project="Runtime/XSharp.Core/XSharp.Core.Next.xsproj" />
      <BuildDependency Project="Runtime/XSharp.RT/XSharp.RT.Next.xsproj" />
    </Project>
    <Project Path="Runtime/XSharp.XPP/XSharp.XPP.Next.xsproj" />
      <BuildDependency Project="Runtime/XSharp.Core/XSharp.Core.Next.xsproj" />
    </Project>
  </Folder>
  <Folder Name="/Solution Items/">
    <File Path=".editorconfig" />
    <File Path="Common/BuildNumber.h" />
    <File Path="Common/CommonAssemblyInfo.cs" />
    <File Path="Common/commonAssemblyInfo.prg" />
    <File Path="Common/Constants.cs" />
    <File Path="Common/constants.prg" />
    <File Path="Common/CustomDefs.xh" />
    <File Path="Common/dbcmd.xh" />
    <File Path="Common/FoxProCmd.xh" />
    <File Path="Common/FoxProSet.xh" />
    <File Path="Common/FoxProSql.xh" />
    <File Path="Common/GuidStrings.cs" />
    <File Path="Common/HarbourCmd.xh" />
    <File Path="Common/memvar.xh" />
    <File Path="Common/NativeResourceDefines.xh" />
    <File Path="Common/README.md" />
    <File Path="Common/set.xh" />
    <File Path="Common/version.Targets" />
    <File Path="Common/version.xh" />
    <File Path="Common/XbasePPCmd.xh" />
    <File Path="Common/XmlCommon.Targets" />
    <File Path="Common/XSharp.snk" />
    <File Path="Common/XSharpConstants.cs" />
    <File Path="Common/XSharpDefs.xh" />
    <File Path="Compiler/eng/Versions.props" />
    <File Path="Compiler/src/Compiler/CompilerCommon.props" />
    <File Path="Compiler/src/Compiler/XSharpCodeAnalysis/Antlr.props" />
    <File Path="Compiler/src/Compiler/XSharpCodeAnalysis/Extra.Targets" />
    <File Path="Runtime/README.md" />
    <File Path="Runtime/Runtime.Common.Targets" />
    <File Path="Runtime/Runtime.Sdk.Targets" />
    <File Path="Runtime/Runtime.Targets" />
    <File Path="Runtime/VOSDK/Source/SharedSource/SDKAssemblyinfo.prg" />
    <File Path="Runtime/VOSDK/Source/VOSDK/VOSDK.Targets" />
    <File Path="Runtime/XmlDoc.Targets" />
  </Folder>
  <Folder Name="/Tools/">
    <Project Path="Tools/DeployMsBuildSupport/DeployMsBuildSupport.xsproj" />
      <BuildDependency Project="Compiler/src/Compiler/xsc/xsc.csproj" />
    </Project>
    <Project Path="Tools/UDCTester/UDCTester.xsproj" />
      <BuildDependency Project="Compiler/src/Compiler/xsc/xsc.csproj" />
    </Project>
    <Project Path="Tools/XPorter/XPorter.xsproj" />
      <BuildDependency Project="Compiler/src/Compiler/xsc/xsc.csproj" />
    </Project>
    <Project Path="XMLExtractor/XMLExtractor.xsproj" />
      <BuildDependency Project="Compiler/src/Compiler/xsc/xsc.csproj" />
    </Project>
  </Folder>
  <Folder Name="/Tools/SHFB/">
    <File Path="Tools/SHFB/SHFB.Targets" />
    <Project Path="Tools/SHFB/XSharpPlugin/XSharpPlugin.csproj" />
    <Project Path="Tools/SHFB/XSharpSyntax/XSharpSyntax.csproj" />
    <Project Path="Tools/SHFB/XSharpVs/XSharpVs.csproj" />
  </Folder>
  <Folder Name="/Tools/VFP/">
    <Project Path="Tests/VFPXPorterTest/VFPXPorterTest.xsproj" />
    <Project Path="Tools/VFPXPorter/Source/VFPXPorter/VFPXPorter.xsproj" />
      <BuildDependency Project="Compiler/src/Compiler/xsc/xsc.csproj" />
    </Project>
    <Project Path="Tools/VFPXPorter/Source/VFPXPorterCmd/VFPXPorterCmd.xsproj" />
      <BuildDependency Project="Compiler/src/Compiler/xsc/xsc.csproj" />
    </Project>
    <Project Path="Tools/VFPXPorter/Source/VFPXPorterLib/VFPXPorterLib.xsproj" />
      <BuildDependency Project="Compiler/src/Compiler/xsc/xsc.csproj" />
    </Project>
  </Folder>
  <Folder Name="/Tools/VFP/Comments/">
    <File Path="Tools/VFPXPorter/DocumentationAndRules.md" />
    <File Path="Tools/VFPXPorter/ExportAdvices.md" />
    <File Path="Tools/VFPXPorter/README.md" />
    <File Path="Tools/VFPXPorter/Todo.md" />
  </Folder>
  <Folder Name="/Tools/VOXporter/">
    <Project Path="Tools/VOXporter/Fab_VO_Entities.xsproj" />
      <BuildDependency Project="Compiler/src/Compiler/xsc/xsc.csproj" />
    </Project>
    <Project Path="Tools/VOXporter/VOXPorter.xsproj" />
      <BuildDependency Project="Compiler/src/Compiler/xsc/xsc.csproj" />
    </Project>
  </Folder>
<Folder Name="/VsIntegration/" />
<Folder Name="/VsIntegration/Common/">
  <Project Path="VisualStudio/CodeDomProvider/CodeDomProvider.csproj" />
  <Project Path="VisualStudio/CodeGenerator/CodeGenerator.xsproj" />
    <BuildDependency Project="Compiler/src/Compiler/xsc/xsc.csproj" />
  </Project>
  <Project Path="VisualStudio/Debugger.Support/Debugger.Support.csproj" />
  <Project Path="VisualStudio/VODesigners_tester/VODesigners_tester.xsproj" />
  <Project Path="VisualStudio/XSharpCodeModelXs/CodeModel.xsproj" />
    <BuildDependency Project="Compiler/src/Compiler/xsc/xsc.csproj" />
  </Project>
  <Project Path="VisualStudio/XSharpVoEditors/VoEditors.xsproj" />
</Folder>

</Solution>
