
Microsoft Visual Studio Solution File, Format Version 12.00
# Visual Studio Version 17
VisualStudioVersion = 17.7.34024.191
MinimumVisualStudioVersion = 10.0.40219.1
Project("{2150E333-8FDC-42A3-9474-1A3956D46DE8}") = "Docs", "Docs", "{1C0880F5-74CF-4618-9856-D89B3FCB6DA3}"
	ProjectSection(SolutionItems) = preProject
		Docs\Console.Xml = Docs\Console.Xml
		Docs\CoreComments.Xml = Docs\CoreComments.Xml
		Docs\gui.xml = Docs\gui.xml
		Docs\Harbour.xml = Docs\Harbour.xml
		Docs\Internet.xml = Docs\Internet.xml
		Docs\rdd.xml = Docs\rdd.xml
		Docs\Report.Xml = Docs\Report.Xml
		Docs\RTComments.Xml = Docs\RTComments.Xml
		Runtime\Runtime.Targets = Runtime\Runtime.Targets
		Runtime\RuntimeFunctionsAndClasses.xlsx = Runtime\RuntimeFunctionsAndClasses.xlsx
		Runtime\Docs\RuntimeSpecsV1.docx = Runtime\Docs\RuntimeSpecsV1.docx
		Runtime\Docs\RuntimeSpecsV2.docx = Runtime\Docs\RuntimeSpecsV2.docx
		Docs\Sql.Xml = Docs\Sql.Xml
		Docs\System.Xml = Docs\System.Xml
		VFPClasses.xml = VFPClasses.xml
		Docs\VFPDocs.xml = Docs\VFPDocs.xml
		Docs\VfpRuntimeDocs.xml = Docs\VfpRuntimeDocs.xml
		Docs\VoFunctionDocs.xml = Docs\VoFunctionDocs.xml
		Docs\VOSDK.Xml = Docs\VOSDK.Xml
		Docs\XsRuntimeClasses.xml = Docs\XsRuntimeClasses.xml
	EndProjectSection
EndProject
Project("{AA6C8D78-22FF-423A-9C7C-5F2393824E04}") = "XSharp.RDD", "Runtime\XSharp.Rdd\XSharp.RDD.xsproj", "{E83C6C8C-773F-4B01-A597-3D38398A9362}"
EndProject
Project("{AA6C8D78-22FF-423A-9C7C-5F2393824E04}") = "XSharp.Core", "Runtime\XSharp.Core\XSharp.Core.xsproj", "{535DFF14-EFB7-43F5-A4E1-71C1C4280040}"
EndProject
Project("{2150E333-8FDC-42A3-9474-1A3956D46DE8}") = "Solution Items", "Solution Items", "{0E600EC1-23D2-48D5-8301-0F4BF1C1D250}"
	ProjectSection(SolutionItems) = preProject
		.editorconfig = .editorconfig
		Common\BuildNumber.h = Common\BuildNumber.h
		Common\CommonAssemblyInfo.cs = Common\CommonAssemblyInfo.cs
		Common\commonAssemblyInfo.prg = Common\commonAssemblyInfo.prg
		Common\Constants.cs = Common\Constants.cs
		Common\constants.prg = Common\constants.prg
		Common\CustomDefs.xh = Common\CustomDefs.xh
		Common\dbcmd.xh = Common\dbcmd.xh
		Common\FoxProCmd.xh = Common\FoxProCmd.xh
		Common\FoxProSet.xh = Common\FoxProSet.xh
		Common\FoxProSql.xh = Common\FoxProSql.xh
		Common\GuidStrings.cs = Common\GuidStrings.cs
		Common\HarbourCmd.xh = Common\HarbourCmd.xh
		Common\memvar.xh = Common\memvar.xh
		Common\NativeResourceDefines.xh = Common\NativeResourceDefines.xh
		Runtime\README.md = Runtime\README.md
		Common\README.md = Common\README.md
		Runtime\Runtime.Common.Targets = Runtime\Runtime.Common.Targets
		Runtime\Runtime.Sdk.Targets = Runtime\Runtime.Sdk.Targets
		Runtime\Runtime.Targets = Runtime\Runtime.Targets
		Runtime\VOSDK\Source\SharedSource\SDKAssemblyinfo.prg = Runtime\VOSDK\Source\SharedSource\SDKAssemblyinfo.prg
		Common\set.xh = Common\set.xh
		Common\version.Targets = Common\version.Targets
		Common\version.xh = Common\version.xh
		Common\VFPProperties.xh = Common\VFPProperties.xh
		Runtime\VOSDK\Source\VOSDK\VOSDK.Targets = Runtime\VOSDK\Source\VOSDK\VOSDK.Targets
		Common\XbasePPCmd.xh = Common\XbasePPCmd.xh
		Runtime\XmlDoc.Targets = Runtime\XmlDoc.Targets
		Common\XSharp.snk = Common\XSharp.snk
		Common\XSharpConstants.cs = Common\XSharpConstants.cs
		Common\XSharpDefs.xh = Common\XSharpDefs.xh
	EndProjectSection
EndProject
Project("{AA6C8D78-22FF-423A-9C7C-5F2393824E04}") = "XSharp.Core.Tests", "Runtime\XSharp.Core.Tests\XSharp.Core.Tests.xsproj", "{A2376BBC-9FF4-47EB-BF57-913CBD850DAD}"
EndProject
Project("{AA6C8D78-22FF-423A-9C7C-5F2393824E04}") = "XSharp.RDD.Tests", "Runtime\XSharp.Rdd.Tests\XSharp.RDD.Tests.xsproj", "{D77877A7-F7CF-4DAD-BE6F-AE7A3BC9B942}"
EndProject
Project("{AA6C8D78-22FF-423A-9C7C-5F2393824E04}") = "XSharp.RDD.App", "Runtime\XSharp.RDD.App\XSharp.RDD.App.xsproj", "{13E1266E-D868-4A7D-BF68-EE1E4AA2D308}"
EndProject
Project("{2150E333-8FDC-42A3-9474-1A3956D46DE8}") = "VOSDK", "VOSDK", "{FABD1B90-611A-48D5-9D69-BC148E103030}"
	ProjectSection(SolutionItems) = preProject
		Runtime\VOSDK\Source\VOSDK\VOSDK.Targets = Runtime\VOSDK\Source\VOSDK\VOSDK.Targets
		Runtime\VOSDK\Source\VOSDK\VOSDKDocs.Targets = Runtime\VOSDK\Source\VOSDK\VOSDKDocs.Targets
	EndProjectSection
EndProject
Project("{AA6C8D78-22FF-423A-9C7C-5F2393824E04}") = "VOConsoleClasses", "Runtime\VOSDK\Source\VOSDK\Console_Classes_SDK\VOConsoleClasses.xsproj", "{D0A5DA23-00B5-41FD-8564-96246B1E222F}"
EndProject
Project("{AA6C8D78-22FF-423A-9C7C-5F2393824E04}") = "VOWin32APILibrary", "Runtime\VOSDK\Source\VOSDK\Win32_API_Library_SDK\VOWin32APILibrary.xsproj", "{6C93866F-1894-4E82-9ACA-55927CAE914A}"
EndProject
Project("{AA6C8D78-22FF-423A-9C7C-5F2393824E04}") = "VOSystemClasses", "Runtime\VOSDK\Source\VOSDK\System_Classes_SDK\VOSystemClasses.xsproj", "{AC2AEBFF-69FF-405D-B7D9-6E5CB1DB914C}"
EndProject
Project("{AA6C8D78-22FF-423A-9C7C-5F2393824E04}") = "VORDDClasses", "Runtime\VOSDK\Source\VOSDK\RDD_Classes_SDK\VORDDClasses.xsproj", "{D7079298-1712-4B03-AD76-4EC53BFE8356}"
EndProject
Project("{AA6C8D78-22FF-423A-9C7C-5F2393824E04}") = "VOSQLClasses", "Runtime\VOSDK\Source\VOSDK\SQL_Classes_SDK\VOSQLClasses.xsproj", "{86DA1B42-FBF9-432B-A2D2-67A4F357F019}"
EndProject
Project("{AA6C8D78-22FF-423A-9C7C-5F2393824E04}") = "VOInternetClasses", "Runtime\VOSDK\Source\VOSDK\Internet_SDK\VOInternetClasses.xsproj", "{A62EF59E-7473-4C55-BED8-63CA0D896995}"
EndProject
Project("{AA6C8D78-22FF-423A-9C7C-5F2393824E04}") = "VOGUIClasses", "Runtime\VOSDK\Source\VOSDK\GUI_Classes_SDK\VOGUIClasses.xsproj", "{0BCE49E2-3597-4E32-AA3C-C465130C05C8}"
EndProject
Project("{AA6C8D78-22FF-423A-9C7C-5F2393824E04}") = "VOReportClasses", "Runtime\VOSDK\Source\VOSDK\Report_Classes_SDK\VOReportClasses.xsproj", "{65D766D9-E113-4372-960B-01732B65D27D}"
EndProject
Project("{2150E333-8FDC-42A3-9474-1A3956D46DE8}") = "UnitTests", "UnitTests", "{AAA2A7F4-2856-4404-9B77-09D7AF56DE9D}"
EndProject
Project("{2150E333-8FDC-42A3-9474-1A3956D46DE8}") = "XsRuntime", "XsRuntime", "{3DA9803B-3850-4448-ADA9-DE41C81522DE}"
EndProject
Project("{AA6C8D78-22FF-423A-9C7C-5F2393824E04}") = "XSharp.RT", "Runtime\XSharp.RT\XSharp.RT.xsproj", "{EF8D2BF2-E81A-479A-BA4F-294C4C348B66}"
EndProject
Project("{AA6C8D78-22FF-423A-9C7C-5F2393824E04}") = "XSharp.VO", "Runtime\XSharp.VO\XSharp.VO.xsproj", "{06099C3D-1697-4EB1-9F53-8A9A50B9EACD}"
EndProject
Project("{AA6C8D78-22FF-423A-9C7C-5F2393824E04}") = "XSharp.XPP", "Runtime\XSharp.XPP\XSharp.XPP.xsproj", "{C5D7BE20-038E-4B42-A90A-B13BAB83D8E5}"
EndProject
Project("{AA6C8D78-22FF-423A-9C7C-5F2393824E04}") = "XSharp.VFP", "Runtime\XSharp.VFP\XSharp.VFP.xsproj", "{3A771F0E-9400-4A19-8663-C71567EBFA29}"
EndProject
Project("{2150E333-8FDC-42A3-9474-1A3956D46DE8}") = "Macrocompiler", "Macrocompiler", "{3A990509-B444-4341-A665-5FDA3E8748BD}"
EndProject
Project("{FAE04EC0-301F-11D3-BF4B-00C04F79EFBC}") = "MacroCompiler", "Runtime\MacroCompiler\MacroCompiler.csproj", "{EB3F3142-07F7-48CA-B38D-F611C45A9511}"
EndProject
Project("{AA6C8D78-22FF-423A-9C7C-5F2393824E04}") = "XSharp.Data", "Runtime\XSharp.Data\XSharp.Data.xsproj", "{DB9AD987-EBD9-4F0C-8604-608A9028585C}"
EndProject
Project("{AA6C8D78-22FF-423A-9C7C-5F2393824E04}") = "MacroCompiler.Example", "Runtime\MacroCompiler.Example\MacroCompiler.Example.xsproj", "{CEA6079A-EFF1-4AE7-ACDC-EBAFC1555B02}"
EndProject
Project("{AA6C8D78-22FF-423A-9C7C-5F2393824E04}") = "XSharp.VFP.Tests", "Runtime\XSharp.VFP.Tests\XSharp.VFP.Tests.xsproj", "{1F9D1D4F-4CDE-4331-9EF8-D6A1D413CC6D}"
EndProject
Project("{2150E333-8FDC-42A3-9474-1A3956D46DE8}") = "VOSDK-Typed", "VOSDK-Typed", "{D10369A3-B01A-44C7-BBFB-AA6ACA7F05FC}"
	ProjectSection(SolutionItems) = preProject
		Runtime\VOSdkTyped\Source\VOSdk\VOSDK.Targets = Runtime\VOSdkTyped\Source\VOSdk\VOSDK.Targets
		Runtime\VOSdkTyped\Source\VOSdk\VOSDKDocs.Targets = Runtime\VOSdkTyped\Source\VOSdk\VOSDKDocs.Targets
	EndProjectSection
EndProject
Project("{AA6C8D78-22FF-423A-9C7C-5F2393824E04}") = "XSharp.VO.ConsoleClasses", "Runtime\VOSdkTyped\Source\VOSdk\Console_Classes_SDK\XSharp.VO.ConsoleClasses.xsproj", "{0EE10CED-B863-4B5E-8AC2-443B2CC6EB7A}"
EndProject
Project("{AA6C8D78-22FF-423A-9C7C-5F2393824E04}") = "XSharp.VO.SystemClasses", "Runtime\VOSdkTyped\Source\VOSdk\System_Classes_SDK\XSharp.VO.SystemClasses.xsproj", "{5AC3E55D-F2BD-45EB-9CC2-DD8BD36240EA}"
EndProject
Project("{AA6C8D78-22FF-423A-9C7C-5F2393824E04}") = "XSharp.VO.RDDClasses", "Runtime\VOSdkTyped\Source\VOSdk\RDD_Classes_SDK\XSharp.VO.RDDClasses.xsproj", "{223BE288-7390-48C2-8C3D-6742287962DC}"
EndProject
Project("{AA6C8D78-22FF-423A-9C7C-5F2393824E04}") = "XSharp.VO.GUIClasses", "Runtime\VOSdkTyped\Source\VOSdk\GUI_Classes_SDK\XSharp.VO.GUIClasses.xsproj", "{051D166B-3886-43FB-A3C6-6C6846EA6DF1}"
EndProject
Project("{AA6C8D78-22FF-423A-9C7C-5F2393824E04}") = "XSharp.VO.SQLClasses", "Runtime\VOSdkTyped\Source\VOSdk\SQL_Classes_SDK\XSharp.VO.SQLClasses.xsproj", "{91816960-EB2D-4E4A-AE67-4EDC5BD38940}"
EndProject
Project("{2150E333-8FDC-42A3-9474-1A3956D46DE8}") = "TestApps", "TestApps", "{FBBE72BB-AF27-4F54-BB40-419574C1D018}"
EndProject
Project("{AA6C8D78-22FF-423A-9C7C-5F2393824E04}") = "AdsTest", "Tests\AdsTest\AdsTest.xsproj", "{7A247F83-D97E-42FB-94D0-3ECD299038CC}"
EndProject
Project("{AA6C8D78-22FF-423A-9C7C-5F2393824E04}") = "CdxValidator", "Tests\CdxValidator\CdxValidator.xsproj", "{30CAF4A3-698A-4BF6-93D5-43E2ABB22E6E}"
EndProject
Project("{AA6C8D78-22FF-423A-9C7C-5F2393824E04}") = "FoxSqlTest", "Tests\FoxSqlTest\FoxSqlTest.xsproj", "{32AB85F9-BE37-46FC-8063-229AA373515A}"
EndProject
Project("{AA6C8D78-22FF-423A-9C7C-5F2393824E04}") = "GeneralTests", "Tests\General\GeneralTests.xsproj", "{1F7D08F0-FAFC-415E-852F-153AD39F1C96}"
EndProject
Project("{AA6C8D78-22FF-423A-9C7C-5F2393824E04}") = "TypedSqlTest", "Tests\SqlTest\TypedSqlTest.xsproj", "{21B3548E-ADA0-4137-ABC2-4FC256598E14}"
EndProject
Project("{AA6C8D78-22FF-423A-9C7C-5F2393824E04}") = "VOMDITest", "Tests\VOMDITest\VOMDITest.xsproj", "{5AA2D0DE-06F3-4E9F-82B3-575A8B4006BF}"
EndProject
Project("{AA6C8D78-22FF-423A-9C7C-5F2393824E04}") = "XppConsole", "Tests\XppConsole\XppConsole.xsproj", "{85C34669-1B88-42BE-87BC-6734EA2ECE7A}"
EndProject
Project("{2150E333-8FDC-42A3-9474-1A3956D46DE8}") = "VOSDK-Typed-Tests", "VOSDK-Typed-Tests", "{64603273-9D14-4557-A63B-C2FCB063B454}"
EndProject
Project("{AA6C8D78-22FF-423A-9C7C-5F2393824E04}") = "Explorer", "Tests\TypedSDK\Explorer\Explorer.xsproj", "{0C4F4347-33C2-4A81-A1D5-306C46FDB0BD}"
EndProject
Project("{AA6C8D78-22FF-423A-9C7C-5F2393824E04}") = "Pizza", "Tests\TypedSDK\Pizza\Pizza.xsproj", "{593E48A5-7BEA-4EEB-9302-D133BB98FF47}"
EndProject
Project("{AA6C8D78-22FF-423A-9C7C-5F2393824E04}") = "TestBed", "Tests\BinaryTest\TestBed.xsproj", "{22F634C4-97C1-4347-8994-A4F89D100AFB}"
EndProject
Project("{AA6C8D78-22FF-423A-9C7C-5F2393824E04}") = "AppendSpeed", "Tests\AppendSpeed\AppendSpeed.xsproj", "{E6A86E45-AE23-4422-BBDB-F84BF9EF100E}"
EndProject
Project("{AA6C8D78-22FF-423A-9C7C-5F2393824E04}") = "FoxTest", "Tests\DbcTest\FoxTest.xsproj", "{4BC29963-3419-4D9A-A301-BB63870381AE}"
EndProject
Project("{AA6C8D78-22FF-423A-9C7C-5F2393824E04}") = "XSharp.RT.Debugger", "Runtime\XSharp.RT.Debugger\XSharp.RT.Debugger.xsproj", "{770E6EBB-804F-415A-A9CA-E5B0383105F0}"
EndProject
Project("{AA6C8D78-22FF-423A-9C7C-5F2393824E04}") = "XSharp.RT.Tests", "Runtime\XSharp.RT.Tests\XSharp.RT.Tests.xsproj", "{16D523F2-B871-4BDC-94EF-33B3DB7AE617}"
EndProject
Project("{AA6C8D78-22FF-423A-9C7C-5F2393824E04}") = "XSharp.VO.Tests", "Runtime\XSharp.VO.Tests\XSharp.VO.Tests.xsproj", "{16D523F2-B871-4BDC-94EF-33B3DB7AE618}"
EndProject
Project("{AA6C8D78-22FF-423A-9C7C-5F2393824E04}") = "XSharp.XPP.Tests", "Runtime\XSharp.XPP.Tests\XSharp.XPP.Tests.xsproj", "{940AD5B6-6CCF-4BF5-936B-9366A87BA77B}"
EndProject
Project("{AA6C8D78-22FF-423A-9C7C-5F2393824E04}") = "GeneralTestsVulcan", "Tests\GeneralTestsVulcan\GeneralTestsVulcan.xsproj", "{8D4EF4D6-BFD2-4E3F-99CE-C9CAE902E1AE}"
EndProject
Project("{AA6C8D78-22FF-423A-9C7C-5F2393824E04}") = "XSharp.Harbour", "Runtime\XSharp.Harbour\XSharp.Harbour.xsproj", "{EAEE04E4-D7F6-46AC-B65A-E1B416B8D635}"
EndProject
Project("{AA6C8D78-22FF-423A-9C7C-5F2393824E04}") = "XSharp.Harbour.Tests", "Runtime\XSharp.Harbour.Tests\XSharp.Harbour.Tests.xsproj", "{10CBAF73-E66B-47EC-A02C-DD6A078C671E}"
EndProject
Project("{AA6C8D78-22FF-423A-9C7C-5F2393824E04}") = "SQLRddTests", "Tests\SqlRDDTests\SQLRddTests.xsproj", "{1F7D08F1-FAFD-415F-852F-153AD39F1C96}"
EndProject
Project("{AA6C8D78-22FF-423A-9C7C-5F2393824E04}") = "VOMDITyped", "Tests\TypedSDK\VOMDITyped\VOMDITyped.xsproj", "{1ACE06E9-81F8-4AB3-BDA5-C6EFF15E2267}"
EndProject
Project("{AA6C8D78-22FF-423A-9C7C-5F2393824E04}") = "Bgraphic", "Tests\BGraphic\Bgraphic.xsproj", "{0D4655F7-708C-4B9F-B903-39E8BB3029DC}"
EndProject
Project("{AA6C8D78-22FF-423A-9C7C-5F2393824E04}") = "XSharp.SQLRDD", "Runtime\XSharp.SQLRdd\XSharp.SQLRDD.xsproj", "{E83C6C8C-773F-4B01-A597-3D38398A9373}"
EndProject
Project("{AA6C8D78-22FF-423A-9C7C-5F2393824E04}") = "CursorAdapterTests", "Tests\CursorAdapterTests\CursorAdapterTests.xsproj", "{15F2F105-C135-48EB-88BD-7014D12512AA}"
EndProject
Project("{AA6C8D78-22FF-423A-9C7C-5F2393824E04}") = "FoxEmbeddedSql", "Tests\FoxEmbeddedSql\FoxEmbeddedSql.xsproj", "{7940544F-CC35-4FBA-887E-7CC0F262646C}"
EndProject
Project("{AA6C8D78-22FF-423A-9C7C-5F2393824E04}") = "SqlRddDataexpl", "Tests\SqlDataexpl\SqlRddDataexpl.xsproj", "{544D5F4F-1CA0-4CF0-A62A-7B4D6BA97AEA}"
EndProject
Project("{2150E333-8FDC-42A3-9474-1A3956D46DE8}") = "VFPSDK", "VFPSDK", "{CCFBFA5A-6595-4E5B-B85B-E1699CC0B3CE}"
EndProject
Project("{AA6C8D78-22FF-423A-9C7C-5F2393824E04}") = "XSharp.VFP.UI", "Runtime\XSharp.VFP.UI\XSharp.VFP.UI.xsproj", "{7E2CBEF6-9945-42C4-A7DF-F9B8E2E68D44}"
EndProject
Project("{AA6C8D78-22FF-423A-9C7C-5F2393824E04}") = "XSharp.VFP.UI_Test", "Tests\XSharp.VFP.UI_Test\XSharp.VFP.UI_Test.xsproj", "{B4F3862C-82BC-407F-8A84-5241F7321F9F}"
EndProject
Project("{AA6C8D78-22FF-423A-9C7C-5F2393824E04}") = "DataConverter", "C:\SqlRdd\Beta1\Example\DataConverter\DataConverter.xsproj", "{3409EF64-BB1A-47DB-AB1B-38623CF6A251}"
EndProject
Global
	GlobalSection(SolutionConfigurationPlatforms) = preSolution
		Debug|Any CPU = Debug|Any CPU
		Documentation|Any CPU = Documentation|Any CPU
		Release|Any CPU = Release|Any CPU
	EndGlobalSection
	GlobalSection(ProjectConfigurationPlatforms) = postSolution
		{E83C6C8C-773F-4B01-A597-3D38398A9362}.Debug|Any CPU.ActiveCfg = Debug|Any CPU
		{E83C6C8C-773F-4B01-A597-3D38398A9362}.Debug|Any CPU.Build.0 = Debug|Any CPU
		{E83C6C8C-773F-4B01-A597-3D38398A9362}.Documentation|Any CPU.ActiveCfg = Documentation|Any CPU
		{E83C6C8C-773F-4B01-A597-3D38398A9362}.Documentation|Any CPU.Build.0 = Documentation|Any CPU
		{E83C6C8C-773F-4B01-A597-3D38398A9362}.Release|Any CPU.ActiveCfg = Release|Any CPU
		{E83C6C8C-773F-4B01-A597-3D38398A9362}.Release|Any CPU.Build.0 = Release|Any CPU
		{535DFF14-EFB7-43F5-A4E1-71C1C4280040}.Debug|Any CPU.ActiveCfg = Debug|Any CPU
		{535DFF14-EFB7-43F5-A4E1-71C1C4280040}.Debug|Any CPU.Build.0 = Debug|Any CPU
		{535DFF14-EFB7-43F5-A4E1-71C1C4280040}.Documentation|Any CPU.ActiveCfg = Documentation|Any CPU
		{535DFF14-EFB7-43F5-A4E1-71C1C4280040}.Documentation|Any CPU.Build.0 = Documentation|Any CPU
		{535DFF14-EFB7-43F5-A4E1-71C1C4280040}.Release|Any CPU.ActiveCfg = Release|Any CPU
		{535DFF14-EFB7-43F5-A4E1-71C1C4280040}.Release|Any CPU.Build.0 = Release|Any CPU
		{A2376BBC-9FF4-47EB-BF57-913CBD850DAD}.Debug|Any CPU.ActiveCfg = Debug|Any CPU
		{A2376BBC-9FF4-47EB-BF57-913CBD850DAD}.Debug|Any CPU.Build.0 = Debug|Any CPU
		{A2376BBC-9FF4-47EB-BF57-913CBD850DAD}.Documentation|Any CPU.ActiveCfg = Documentation|Any CPU
		{A2376BBC-9FF4-47EB-BF57-913CBD850DAD}.Release|Any CPU.ActiveCfg = Release|Any CPU
		{A2376BBC-9FF4-47EB-BF57-913CBD850DAD}.Release|Any CPU.Build.0 = Release|Any CPU
		{D77877A7-F7CF-4DAD-BE6F-AE7A3BC9B942}.Debug|Any CPU.ActiveCfg = Debug|Any CPU
		{D77877A7-F7CF-4DAD-BE6F-AE7A3BC9B942}.Debug|Any CPU.Build.0 = Debug|Any CPU
		{D77877A7-F7CF-4DAD-BE6F-AE7A3BC9B942}.Documentation|Any CPU.ActiveCfg = Documentation|Any CPU
		{D77877A7-F7CF-4DAD-BE6F-AE7A3BC9B942}.Release|Any CPU.ActiveCfg = Release|Any CPU
		{D77877A7-F7CF-4DAD-BE6F-AE7A3BC9B942}.Release|Any CPU.Build.0 = Release|Any CPU
		{13E1266E-D868-4A7D-BF68-EE1E4AA2D308}.Debug|Any CPU.ActiveCfg = Debug|Any CPU
		{13E1266E-D868-4A7D-BF68-EE1E4AA2D308}.Debug|Any CPU.Build.0 = Debug|Any CPU
		{13E1266E-D868-4A7D-BF68-EE1E4AA2D308}.Documentation|Any CPU.ActiveCfg = Documentation|Any CPU
		{13E1266E-D868-4A7D-BF68-EE1E4AA2D308}.Release|Any CPU.ActiveCfg = Release|Any CPU
		{13E1266E-D868-4A7D-BF68-EE1E4AA2D308}.Release|Any CPU.Build.0 = Release|Any CPU
		{D0A5DA23-00B5-41FD-8564-96246B1E222F}.Debug|Any CPU.ActiveCfg = Debug|Any CPU
		{D0A5DA23-00B5-41FD-8564-96246B1E222F}.Debug|Any CPU.Build.0 = Debug|Any CPU
		{D0A5DA23-00B5-41FD-8564-96246B1E222F}.Documentation|Any CPU.ActiveCfg = Documentation|Any CPU
		{D0A5DA23-00B5-41FD-8564-96246B1E222F}.Documentation|Any CPU.Build.0 = Documentation|Any CPU
		{D0A5DA23-00B5-41FD-8564-96246B1E222F}.Release|Any CPU.ActiveCfg = Release|Any CPU
		{D0A5DA23-00B5-41FD-8564-96246B1E222F}.Release|Any CPU.Build.0 = Release|Any CPU
		{6C93866F-1894-4E82-9ACA-55927CAE914A}.Debug|Any CPU.ActiveCfg = Debug|Any CPU
		{6C93866F-1894-4E82-9ACA-55927CAE914A}.Debug|Any CPU.Build.0 = Debug|Any CPU
		{6C93866F-1894-4E82-9ACA-55927CAE914A}.Documentation|Any CPU.ActiveCfg = Documentation|Any CPU
		{6C93866F-1894-4E82-9ACA-55927CAE914A}.Documentation|Any CPU.Build.0 = Documentation|Any CPU
		{6C93866F-1894-4E82-9ACA-55927CAE914A}.Release|Any CPU.ActiveCfg = Release|Any CPU
		{6C93866F-1894-4E82-9ACA-55927CAE914A}.Release|Any CPU.Build.0 = Release|Any CPU
		{AC2AEBFF-69FF-405D-B7D9-6E5CB1DB914C}.Debug|Any CPU.ActiveCfg = Debug|Any CPU
		{AC2AEBFF-69FF-405D-B7D9-6E5CB1DB914C}.Debug|Any CPU.Build.0 = Debug|Any CPU
		{AC2AEBFF-69FF-405D-B7D9-6E5CB1DB914C}.Documentation|Any CPU.ActiveCfg = Documentation|Any CPU
		{AC2AEBFF-69FF-405D-B7D9-6E5CB1DB914C}.Documentation|Any CPU.Build.0 = Documentation|Any CPU
		{AC2AEBFF-69FF-405D-B7D9-6E5CB1DB914C}.Release|Any CPU.ActiveCfg = Release|Any CPU
		{AC2AEBFF-69FF-405D-B7D9-6E5CB1DB914C}.Release|Any CPU.Build.0 = Release|Any CPU
		{D7079298-1712-4B03-AD76-4EC53BFE8356}.Debug|Any CPU.ActiveCfg = Debug|Any CPU
		{D7079298-1712-4B03-AD76-4EC53BFE8356}.Debug|Any CPU.Build.0 = Debug|Any CPU
		{D7079298-1712-4B03-AD76-4EC53BFE8356}.Documentation|Any CPU.ActiveCfg = Documentation|Any CPU
		{D7079298-1712-4B03-AD76-4EC53BFE8356}.Documentation|Any CPU.Build.0 = Documentation|Any CPU
		{D7079298-1712-4B03-AD76-4EC53BFE8356}.Release|Any CPU.ActiveCfg = Release|Any CPU
		{D7079298-1712-4B03-AD76-4EC53BFE8356}.Release|Any CPU.Build.0 = Release|Any CPU
		{86DA1B42-FBF9-432B-A2D2-67A4F357F019}.Debug|Any CPU.ActiveCfg = Debug|Any CPU
		{86DA1B42-FBF9-432B-A2D2-67A4F357F019}.Debug|Any CPU.Build.0 = Debug|Any CPU
		{86DA1B42-FBF9-432B-A2D2-67A4F357F019}.Documentation|Any CPU.ActiveCfg = Documentation|Any CPU
		{86DA1B42-FBF9-432B-A2D2-67A4F357F019}.Documentation|Any CPU.Build.0 = Documentation|Any CPU
		{86DA1B42-FBF9-432B-A2D2-67A4F357F019}.Release|Any CPU.ActiveCfg = Release|Any CPU
		{86DA1B42-FBF9-432B-A2D2-67A4F357F019}.Release|Any CPU.Build.0 = Release|Any CPU
		{A62EF59E-7473-4C55-BED8-63CA0D896995}.Debug|Any CPU.ActiveCfg = Debug|Any CPU
		{A62EF59E-7473-4C55-BED8-63CA0D896995}.Debug|Any CPU.Build.0 = Debug|Any CPU
		{A62EF59E-7473-4C55-BED8-63CA0D896995}.Documentation|Any CPU.ActiveCfg = Documentation|Any CPU
		{A62EF59E-7473-4C55-BED8-63CA0D896995}.Documentation|Any CPU.Build.0 = Documentation|Any CPU
		{A62EF59E-7473-4C55-BED8-63CA0D896995}.Release|Any CPU.ActiveCfg = Release|Any CPU
		{A62EF59E-7473-4C55-BED8-63CA0D896995}.Release|Any CPU.Build.0 = Release|Any CPU
		{0BCE49E2-3597-4E32-AA3C-C465130C05C8}.Debug|Any CPU.ActiveCfg = Debug|Any CPU
		{0BCE49E2-3597-4E32-AA3C-C465130C05C8}.Debug|Any CPU.Build.0 = Debug|Any CPU
		{0BCE49E2-3597-4E32-AA3C-C465130C05C8}.Documentation|Any CPU.ActiveCfg = Documentation|Any CPU
		{0BCE49E2-3597-4E32-AA3C-C465130C05C8}.Documentation|Any CPU.Build.0 = Documentation|Any CPU
		{0BCE49E2-3597-4E32-AA3C-C465130C05C8}.Release|Any CPU.ActiveCfg = Release|Any CPU
		{0BCE49E2-3597-4E32-AA3C-C465130C05C8}.Release|Any CPU.Build.0 = Release|Any CPU
		{65D766D9-E113-4372-960B-01732B65D27D}.Debug|Any CPU.ActiveCfg = Debug|Any CPU
		{65D766D9-E113-4372-960B-01732B65D27D}.Debug|Any CPU.Build.0 = Debug|Any CPU
		{65D766D9-E113-4372-960B-01732B65D27D}.Documentation|Any CPU.ActiveCfg = Documentation|Any CPU
		{65D766D9-E113-4372-960B-01732B65D27D}.Documentation|Any CPU.Build.0 = Documentation|Any CPU
		{65D766D9-E113-4372-960B-01732B65D27D}.Release|Any CPU.ActiveCfg = Release|Any CPU
		{65D766D9-E113-4372-960B-01732B65D27D}.Release|Any CPU.Build.0 = Release|Any CPU
		{EF8D2BF2-E81A-479A-BA4F-294C4C348B66}.Debug|Any CPU.ActiveCfg = Debug|Any CPU
		{EF8D2BF2-E81A-479A-BA4F-294C4C348B66}.Debug|Any CPU.Build.0 = Debug|Any CPU
		{EF8D2BF2-E81A-479A-BA4F-294C4C348B66}.Documentation|Any CPU.ActiveCfg = Documentation|Any CPU
		{EF8D2BF2-E81A-479A-BA4F-294C4C348B66}.Documentation|Any CPU.Build.0 = Documentation|Any CPU
		{EF8D2BF2-E81A-479A-BA4F-294C4C348B66}.Release|Any CPU.ActiveCfg = Release|Any CPU
		{EF8D2BF2-E81A-479A-BA4F-294C4C348B66}.Release|Any CPU.Build.0 = Release|Any CPU
		{06099C3D-1697-4EB1-9F53-8A9A50B9EACD}.Debug|Any CPU.ActiveCfg = Debug|Any CPU
		{06099C3D-1697-4EB1-9F53-8A9A50B9EACD}.Debug|Any CPU.Build.0 = Debug|Any CPU
		{06099C3D-1697-4EB1-9F53-8A9A50B9EACD}.Documentation|Any CPU.ActiveCfg = Documentation|Any CPU
		{06099C3D-1697-4EB1-9F53-8A9A50B9EACD}.Documentation|Any CPU.Build.0 = Documentation|Any CPU
		{06099C3D-1697-4EB1-9F53-8A9A50B9EACD}.Release|Any CPU.ActiveCfg = Release|Any CPU
		{06099C3D-1697-4EB1-9F53-8A9A50B9EACD}.Release|Any CPU.Build.0 = Release|Any CPU
		{C5D7BE20-038E-4B42-A90A-B13BAB83D8E5}.Debug|Any CPU.ActiveCfg = Debug|Any CPU
		{C5D7BE20-038E-4B42-A90A-B13BAB83D8E5}.Debug|Any CPU.Build.0 = Debug|Any CPU
		{C5D7BE20-038E-4B42-A90A-B13BAB83D8E5}.Documentation|Any CPU.ActiveCfg = Documentation|Any CPU
		{C5D7BE20-038E-4B42-A90A-B13BAB83D8E5}.Documentation|Any CPU.Build.0 = Documentation|Any CPU
		{C5D7BE20-038E-4B42-A90A-B13BAB83D8E5}.Release|Any CPU.ActiveCfg = Release|Any CPU
		{C5D7BE20-038E-4B42-A90A-B13BAB83D8E5}.Release|Any CPU.Build.0 = Release|Any CPU
		{3A771F0E-9400-4A19-8663-C71567EBFA29}.Debug|Any CPU.ActiveCfg = Debug|Any CPU
		{3A771F0E-9400-4A19-8663-C71567EBFA29}.Debug|Any CPU.Build.0 = Debug|Any CPU
		{3A771F0E-9400-4A19-8663-C71567EBFA29}.Documentation|Any CPU.ActiveCfg = Documentation|Any CPU
		{3A771F0E-9400-4A19-8663-C71567EBFA29}.Documentation|Any CPU.Build.0 = Documentation|Any CPU
		{3A771F0E-9400-4A19-8663-C71567EBFA29}.Release|Any CPU.ActiveCfg = Release|Any CPU
		{3A771F0E-9400-4A19-8663-C71567EBFA29}.Release|Any CPU.Build.0 = Release|Any CPU
		{EB3F3142-07F7-48CA-B38D-F611C45A9511}.Debug|Any CPU.ActiveCfg = Debug|Any CPU
		{EB3F3142-07F7-48CA-B38D-F611C45A9511}.Debug|Any CPU.Build.0 = Debug|Any CPU
		{EB3F3142-07F7-48CA-B38D-F611C45A9511}.Documentation|Any CPU.ActiveCfg = Debug|Any CPU
		{EB3F3142-07F7-48CA-B38D-F611C45A9511}.Documentation|Any CPU.Build.0 = Debug|Any CPU
		{EB3F3142-07F7-48CA-B38D-F611C45A9511}.Release|Any CPU.ActiveCfg = Release|Any CPU
		{EB3F3142-07F7-48CA-B38D-F611C45A9511}.Release|Any CPU.Build.0 = Release|Any CPU
		{DB9AD987-EBD9-4F0C-8604-608A9028585C}.Debug|Any CPU.ActiveCfg = Debug|Any CPU
		{DB9AD987-EBD9-4F0C-8604-608A9028585C}.Debug|Any CPU.Build.0 = Debug|Any CPU
		{DB9AD987-EBD9-4F0C-8604-608A9028585C}.Documentation|Any CPU.ActiveCfg = Documentation|Any CPU
		{DB9AD987-EBD9-4F0C-8604-608A9028585C}.Documentation|Any CPU.Build.0 = Documentation|Any CPU
		{DB9AD987-EBD9-4F0C-8604-608A9028585C}.Release|Any CPU.ActiveCfg = Release|Any CPU
		{DB9AD987-EBD9-4F0C-8604-608A9028585C}.Release|Any CPU.Build.0 = Release|Any CPU
		{CEA6079A-EFF1-4AE7-ACDC-EBAFC1555B02}.Debug|Any CPU.ActiveCfg = Debug|Any CPU
		{CEA6079A-EFF1-4AE7-ACDC-EBAFC1555B02}.Debug|Any CPU.Build.0 = Debug|Any CPU
		{CEA6079A-EFF1-4AE7-ACDC-EBAFC1555B02}.Documentation|Any CPU.ActiveCfg = Debug|Any CPU
		{CEA6079A-EFF1-4AE7-ACDC-EBAFC1555B02}.Documentation|Any CPU.Build.0 = Debug|Any CPU
		{CEA6079A-EFF1-4AE7-ACDC-EBAFC1555B02}.Release|Any CPU.ActiveCfg = Release|Any CPU
		{CEA6079A-EFF1-4AE7-ACDC-EBAFC1555B02}.Release|Any CPU.Build.0 = Release|Any CPU
		{1F9D1D4F-4CDE-4331-9EF8-D6A1D413CC6D}.Debug|Any CPU.ActiveCfg = Debug|Any CPU
		{1F9D1D4F-4CDE-4331-9EF8-D6A1D413CC6D}.Debug|Any CPU.Build.0 = Debug|Any CPU
		{1F9D1D4F-4CDE-4331-9EF8-D6A1D413CC6D}.Documentation|Any CPU.ActiveCfg = Documentation|Any CPU
		{1F9D1D4F-4CDE-4331-9EF8-D6A1D413CC6D}.Release|Any CPU.ActiveCfg = Release|Any CPU
		{1F9D1D4F-4CDE-4331-9EF8-D6A1D413CC6D}.Release|Any CPU.Build.0 = Release|Any CPU
		{0EE10CED-B863-4B5E-8AC2-443B2CC6EB7A}.Debug|Any CPU.ActiveCfg = Debug|Any CPU
		{0EE10CED-B863-4B5E-8AC2-443B2CC6EB7A}.Debug|Any CPU.Build.0 = Debug|Any CPU
		{0EE10CED-B863-4B5E-8AC2-443B2CC6EB7A}.Documentation|Any CPU.ActiveCfg = Documentation|Any CPU
		{0EE10CED-B863-4B5E-8AC2-443B2CC6EB7A}.Documentation|Any CPU.Build.0 = Documentation|Any CPU
		{0EE10CED-B863-4B5E-8AC2-443B2CC6EB7A}.Release|Any CPU.ActiveCfg = Release|Any CPU
		{0EE10CED-B863-4B5E-8AC2-443B2CC6EB7A}.Release|Any CPU.Build.0 = Release|Any CPU
		{5AC3E55D-F2BD-45EB-9CC2-DD8BD36240EA}.Debug|Any CPU.ActiveCfg = Debug|Any CPU
		{5AC3E55D-F2BD-45EB-9CC2-DD8BD36240EA}.Debug|Any CPU.Build.0 = Debug|Any CPU
		{5AC3E55D-F2BD-45EB-9CC2-DD8BD36240EA}.Documentation|Any CPU.ActiveCfg = Documentation|Any CPU
		{5AC3E55D-F2BD-45EB-9CC2-DD8BD36240EA}.Documentation|Any CPU.Build.0 = Documentation|Any CPU
		{5AC3E55D-F2BD-45EB-9CC2-DD8BD36240EA}.Release|Any CPU.ActiveCfg = Release|Any CPU
		{5AC3E55D-F2BD-45EB-9CC2-DD8BD36240EA}.Release|Any CPU.Build.0 = Release|Any CPU
		{223BE288-7390-48C2-8C3D-6742287962DC}.Debug|Any CPU.ActiveCfg = Debug|Any CPU
		{223BE288-7390-48C2-8C3D-6742287962DC}.Debug|Any CPU.Build.0 = Debug|Any CPU
		{223BE288-7390-48C2-8C3D-6742287962DC}.Documentation|Any CPU.ActiveCfg = Documentation|Any CPU
		{223BE288-7390-48C2-8C3D-6742287962DC}.Documentation|Any CPU.Build.0 = Documentation|Any CPU
		{223BE288-7390-48C2-8C3D-6742287962DC}.Release|Any CPU.ActiveCfg = Release|Any CPU
		{223BE288-7390-48C2-8C3D-6742287962DC}.Release|Any CPU.Build.0 = Release|Any CPU
		{051D166B-3886-43FB-A3C6-6C6846EA6DF1}.Debug|Any CPU.ActiveCfg = Debug|Any CPU
		{051D166B-3886-43FB-A3C6-6C6846EA6DF1}.Debug|Any CPU.Build.0 = Debug|Any CPU
		{051D166B-3886-43FB-A3C6-6C6846EA6DF1}.Documentation|Any CPU.ActiveCfg = Documentation|Any CPU
		{051D166B-3886-43FB-A3C6-6C6846EA6DF1}.Documentation|Any CPU.Build.0 = Documentation|Any CPU
		{051D166B-3886-43FB-A3C6-6C6846EA6DF1}.Release|Any CPU.ActiveCfg = Release|Any CPU
		{051D166B-3886-43FB-A3C6-6C6846EA6DF1}.Release|Any CPU.Build.0 = Release|Any CPU
		{91816960-EB2D-4E4A-AE67-4EDC5BD38940}.Debug|Any CPU.ActiveCfg = Debug|Any CPU
		{91816960-EB2D-4E4A-AE67-4EDC5BD38940}.Debug|Any CPU.Build.0 = Debug|Any CPU
		{91816960-EB2D-4E4A-AE67-4EDC5BD38940}.Documentation|Any CPU.ActiveCfg = Documentation|Any CPU
		{91816960-EB2D-4E4A-AE67-4EDC5BD38940}.Documentation|Any CPU.Build.0 = Documentation|Any CPU
		{91816960-EB2D-4E4A-AE67-4EDC5BD38940}.Release|Any CPU.ActiveCfg = Release|Any CPU
		{91816960-EB2D-4E4A-AE67-4EDC5BD38940}.Release|Any CPU.Build.0 = Release|Any CPU
		{7A247F83-D97E-42FB-94D0-3ECD299038CC}.Debug|Any CPU.ActiveCfg = Debug|Any CPU
		{7A247F83-D97E-42FB-94D0-3ECD299038CC}.Debug|Any CPU.Build.0 = Debug|Any CPU
		{7A247F83-D97E-42FB-94D0-3ECD299038CC}.Documentation|Any CPU.ActiveCfg = Debug|Any CPU
		{7A247F83-D97E-42FB-94D0-3ECD299038CC}.Release|Any CPU.ActiveCfg = Release|Any CPU
		{7A247F83-D97E-42FB-94D0-3ECD299038CC}.Release|Any CPU.Build.0 = Release|Any CPU
		{30CAF4A3-698A-4BF6-93D5-43E2ABB22E6E}.Debug|Any CPU.ActiveCfg = Debug|Any CPU
		{30CAF4A3-698A-4BF6-93D5-43E2ABB22E6E}.Debug|Any CPU.Build.0 = Debug|Any CPU
		{30CAF4A3-698A-4BF6-93D5-43E2ABB22E6E}.Documentation|Any CPU.ActiveCfg = Debug|Any CPU
		{30CAF4A3-698A-4BF6-93D5-43E2ABB22E6E}.Release|Any CPU.ActiveCfg = Release|Any CPU
		{30CAF4A3-698A-4BF6-93D5-43E2ABB22E6E}.Release|Any CPU.Build.0 = Release|Any CPU
		{32AB85F9-BE37-46FC-8063-229AA373515A}.Debug|Any CPU.ActiveCfg = Debug|Any CPU
		{32AB85F9-BE37-46FC-8063-229AA373515A}.Debug|Any CPU.Build.0 = Debug|Any CPU
		{32AB85F9-BE37-46FC-8063-229AA373515A}.Documentation|Any CPU.ActiveCfg = Debug|Any CPU
		{32AB85F9-BE37-46FC-8063-229AA373515A}.Release|Any CPU.ActiveCfg = Release|Any CPU
		{32AB85F9-BE37-46FC-8063-229AA373515A}.Release|Any CPU.Build.0 = Release|Any CPU
		{1F7D08F0-FAFC-415E-852F-153AD39F1C96}.Debug|Any CPU.ActiveCfg = Debug|Any CPU
		{1F7D08F0-FAFC-415E-852F-153AD39F1C96}.Debug|Any CPU.Build.0 = Debug|Any CPU
		{1F7D08F0-FAFC-415E-852F-153AD39F1C96}.Documentation|Any CPU.ActiveCfg = Debug|Any CPU
		{1F7D08F0-FAFC-415E-852F-153AD39F1C96}.Release|Any CPU.ActiveCfg = Release|Any CPU
		{1F7D08F0-FAFC-415E-852F-153AD39F1C96}.Release|Any CPU.Build.0 = Release|Any CPU
		{21B3548E-ADA0-4137-ABC2-4FC256598E14}.Debug|Any CPU.ActiveCfg = Debug|Any CPU
		{21B3548E-ADA0-4137-ABC2-4FC256598E14}.Debug|Any CPU.Build.0 = Debug|Any CPU
		{21B3548E-ADA0-4137-ABC2-4FC256598E14}.Documentation|Any CPU.ActiveCfg = Debug|Any CPU
		{21B3548E-ADA0-4137-ABC2-4FC256598E14}.Release|Any CPU.ActiveCfg = Release|Any CPU
		{21B3548E-ADA0-4137-ABC2-4FC256598E14}.Release|Any CPU.Build.0 = Release|Any CPU
		{5AA2D0DE-06F3-4E9F-82B3-575A8B4006BF}.Debug|Any CPU.ActiveCfg = Debug|Any CPU
		{5AA2D0DE-06F3-4E9F-82B3-575A8B4006BF}.Debug|Any CPU.Build.0 = Debug|Any CPU
		{5AA2D0DE-06F3-4E9F-82B3-575A8B4006BF}.Documentation|Any CPU.ActiveCfg = Debug|Any CPU
		{5AA2D0DE-06F3-4E9F-82B3-575A8B4006BF}.Release|Any CPU.ActiveCfg = Release|Any CPU
		{5AA2D0DE-06F3-4E9F-82B3-575A8B4006BF}.Release|Any CPU.Build.0 = Release|Any CPU
		{85C34669-1B88-42BE-87BC-6734EA2ECE7A}.Debug|Any CPU.ActiveCfg = Debug|Any CPU
		{85C34669-1B88-42BE-87BC-6734EA2ECE7A}.Debug|Any CPU.Build.0 = Debug|Any CPU
		{85C34669-1B88-42BE-87BC-6734EA2ECE7A}.Documentation|Any CPU.ActiveCfg = Debug|Any CPU
		{85C34669-1B88-42BE-87BC-6734EA2ECE7A}.Documentation|Any CPU.Build.0 = Debug|Any CPU
		{85C34669-1B88-42BE-87BC-6734EA2ECE7A}.Release|Any CPU.ActiveCfg = Release|Any CPU
		{85C34669-1B88-42BE-87BC-6734EA2ECE7A}.Release|Any CPU.Build.0 = Release|Any CPU
		{0C4F4347-33C2-4A81-A1D5-306C46FDB0BD}.Debug|Any CPU.ActiveCfg = Debug|Any CPU
		{0C4F4347-33C2-4A81-A1D5-306C46FDB0BD}.Debug|Any CPU.Build.0 = Debug|Any CPU
		{0C4F4347-33C2-4A81-A1D5-306C46FDB0BD}.Documentation|Any CPU.ActiveCfg = Debug|Any CPU
		{0C4F4347-33C2-4A81-A1D5-306C46FDB0BD}.Release|Any CPU.ActiveCfg = Release|Any CPU
		{0C4F4347-33C2-4A81-A1D5-306C46FDB0BD}.Release|Any CPU.Build.0 = Release|Any CPU
		{593E48A5-7BEA-4EEB-9302-D133BB98FF47}.Debug|Any CPU.ActiveCfg = Debug|Any CPU
		{593E48A5-7BEA-4EEB-9302-D133BB98FF47}.Debug|Any CPU.Build.0 = Debug|Any CPU
		{593E48A5-7BEA-4EEB-9302-D133BB98FF47}.Documentation|Any CPU.ActiveCfg = Debug|Any CPU
		{593E48A5-7BEA-4EEB-9302-D133BB98FF47}.Release|Any CPU.ActiveCfg = Release|Any CPU
		{593E48A5-7BEA-4EEB-9302-D133BB98FF47}.Release|Any CPU.Build.0 = Release|Any CPU
		{22F634C4-97C1-4347-8994-A4F89D100AFB}.Debug|Any CPU.ActiveCfg = Debug|Any CPU
		{22F634C4-97C1-4347-8994-A4F89D100AFB}.Debug|Any CPU.Build.0 = Debug|Any CPU
		{22F634C4-97C1-4347-8994-A4F89D100AFB}.Documentation|Any CPU.ActiveCfg = Debug|Any CPU
		{22F634C4-97C1-4347-8994-A4F89D100AFB}.Release|Any CPU.ActiveCfg = Release|Any CPU
		{22F634C4-97C1-4347-8994-A4F89D100AFB}.Release|Any CPU.Build.0 = Release|Any CPU
		{E6A86E45-AE23-4422-BBDB-F84BF9EF100E}.Debug|Any CPU.ActiveCfg = Debug|Any CPU
		{E6A86E45-AE23-4422-BBDB-F84BF9EF100E}.Debug|Any CPU.Build.0 = Debug|Any CPU
		{E6A86E45-AE23-4422-BBDB-F84BF9EF100E}.Documentation|Any CPU.ActiveCfg = Debug|Any CPU
		{E6A86E45-AE23-4422-BBDB-F84BF9EF100E}.Release|Any CPU.ActiveCfg = Release|Any CPU
		{E6A86E45-AE23-4422-BBDB-F84BF9EF100E}.Release|Any CPU.Build.0 = Release|Any CPU
		{4BC29963-3419-4D9A-A301-BB63870381AE}.Debug|Any CPU.ActiveCfg = Debug|Any CPU
		{4BC29963-3419-4D9A-A301-BB63870381AE}.Debug|Any CPU.Build.0 = Debug|Any CPU
		{4BC29963-3419-4D9A-A301-BB63870381AE}.Documentation|Any CPU.ActiveCfg = Debug|Any CPU
		{4BC29963-3419-4D9A-A301-BB63870381AE}.Release|Any CPU.ActiveCfg = Release|Any CPU
		{4BC29963-3419-4D9A-A301-BB63870381AE}.Release|Any CPU.Build.0 = Release|Any CPU
		{770E6EBB-804F-415A-A9CA-E5B0383105F0}.Debug|Any CPU.ActiveCfg = Debug|Any CPU
		{770E6EBB-804F-415A-A9CA-E5B0383105F0}.Debug|Any CPU.Build.0 = Debug|Any CPU
		{770E6EBB-804F-415A-A9CA-E5B0383105F0}.Documentation|Any CPU.ActiveCfg = Documentation|Any CPU
		{770E6EBB-804F-415A-A9CA-E5B0383105F0}.Documentation|Any CPU.Build.0 = Documentation|Any CPU
		{770E6EBB-804F-415A-A9CA-E5B0383105F0}.Release|Any CPU.ActiveCfg = Release|Any CPU
		{770E6EBB-804F-415A-A9CA-E5B0383105F0}.Release|Any CPU.Build.0 = Release|Any CPU
		{16D523F2-B871-4BDC-94EF-33B3DB7AE617}.Debug|Any CPU.ActiveCfg = Debug|Any CPU
		{16D523F2-B871-4BDC-94EF-33B3DB7AE617}.Debug|Any CPU.Build.0 = Debug|Any CPU
		{16D523F2-B871-4BDC-94EF-33B3DB7AE617}.Documentation|Any CPU.ActiveCfg = Documentation|Any CPU
		{16D523F2-B871-4BDC-94EF-33B3DB7AE617}.Documentation|Any CPU.Build.0 = Documentation|Any CPU
		{16D523F2-B871-4BDC-94EF-33B3DB7AE617}.Release|Any CPU.ActiveCfg = Release|Any CPU
		{16D523F2-B871-4BDC-94EF-33B3DB7AE617}.Release|Any CPU.Build.0 = Release|Any CPU
		{16D523F2-B871-4BDC-94EF-33B3DB7AE618}.Debug|Any CPU.ActiveCfg = Debug|Any CPU
		{16D523F2-B871-4BDC-94EF-33B3DB7AE618}.Debug|Any CPU.Build.0 = Debug|Any CPU
		{16D523F2-B871-4BDC-94EF-33B3DB7AE618}.Documentation|Any CPU.ActiveCfg = Documentation|Any CPU
		{16D523F2-B871-4BDC-94EF-33B3DB7AE618}.Release|Any CPU.ActiveCfg = Release|Any CPU
		{16D523F2-B871-4BDC-94EF-33B3DB7AE618}.Release|Any CPU.Build.0 = Release|Any CPU
		{940AD5B6-6CCF-4BF5-936B-9366A87BA77B}.Debug|Any CPU.ActiveCfg = Debug|Any CPU
		{940AD5B6-6CCF-4BF5-936B-9366A87BA77B}.Debug|Any CPU.Build.0 = Debug|Any CPU
		{940AD5B6-6CCF-4BF5-936B-9366A87BA77B}.Documentation|Any CPU.ActiveCfg = Documentation|Any CPU
		{940AD5B6-6CCF-4BF5-936B-9366A87BA77B}.Documentation|Any CPU.Build.0 = Documentation|Any CPU
		{940AD5B6-6CCF-4BF5-936B-9366A87BA77B}.Release|Any CPU.ActiveCfg = Release|Any CPU
		{940AD5B6-6CCF-4BF5-936B-9366A87BA77B}.Release|Any CPU.Build.0 = Release|Any CPU
		{8D4EF4D6-BFD2-4E3F-99CE-C9CAE902E1AE}.Debug|Any CPU.ActiveCfg = Debug|Any CPU
		{8D4EF4D6-BFD2-4E3F-99CE-C9CAE902E1AE}.Debug|Any CPU.Build.0 = Debug|Any CPU
		{8D4EF4D6-BFD2-4E3F-99CE-C9CAE902E1AE}.Documentation|Any CPU.ActiveCfg = Debug|Any CPU
		{8D4EF4D6-BFD2-4E3F-99CE-C9CAE902E1AE}.Documentation|Any CPU.Build.0 = Debug|Any CPU
		{8D4EF4D6-BFD2-4E3F-99CE-C9CAE902E1AE}.Release|Any CPU.ActiveCfg = Release|Any CPU
		{8D4EF4D6-BFD2-4E3F-99CE-C9CAE902E1AE}.Release|Any CPU.Build.0 = Release|Any CPU
		{EAEE04E4-D7F6-46AC-B65A-E1B416B8D635}.Debug|Any CPU.ActiveCfg = Debug|Any CPU
		{EAEE04E4-D7F6-46AC-B65A-E1B416B8D635}.Debug|Any CPU.Build.0 = Debug|Any CPU
		{EAEE04E4-D7F6-46AC-B65A-E1B416B8D635}.Documentation|Any CPU.ActiveCfg = Documentation|Any CPU
		{EAEE04E4-D7F6-46AC-B65A-E1B416B8D635}.Documentation|Any CPU.Build.0 = Documentation|Any CPU
		{EAEE04E4-D7F6-46AC-B65A-E1B416B8D635}.Release|Any CPU.ActiveCfg = Release|Any CPU
		{EAEE04E4-D7F6-46AC-B65A-E1B416B8D635}.Release|Any CPU.Build.0 = Release|Any CPU
		{10CBAF73-E66B-47EC-A02C-DD6A078C671E}.Debug|Any CPU.ActiveCfg = Debug|Any CPU
		{10CBAF73-E66B-47EC-A02C-DD6A078C671E}.Debug|Any CPU.Build.0 = Debug|Any CPU
		{10CBAF73-E66B-47EC-A02C-DD6A078C671E}.Documentation|Any CPU.ActiveCfg = Documentation|Any CPU
		{10CBAF73-E66B-47EC-A02C-DD6A078C671E}.Documentation|Any CPU.Build.0 = Documentation|Any CPU
		{10CBAF73-E66B-47EC-A02C-DD6A078C671E}.Release|Any CPU.ActiveCfg = Release|Any CPU
		{10CBAF73-E66B-47EC-A02C-DD6A078C671E}.Release|Any CPU.Build.0 = Release|Any CPU
		{1F7D08F1-FAFD-415F-852F-153AD39F1C96}.Debug|Any CPU.ActiveCfg = Debug|Any CPU
		{1F7D08F1-FAFD-415F-852F-153AD39F1C96}.Debug|Any CPU.Build.0 = Debug|Any CPU
		{1F7D08F1-FAFD-415F-852F-153AD39F1C96}.Documentation|Any CPU.ActiveCfg = Debug|Any CPU
		{1F7D08F1-FAFD-415F-852F-153AD39F1C96}.Documentation|Any CPU.Build.0 = Debug|Any CPU
		{1F7D08F1-FAFD-415F-852F-153AD39F1C96}.Release|Any CPU.ActiveCfg = Release|Any CPU
		{1F7D08F1-FAFD-415F-852F-153AD39F1C96}.Release|Any CPU.Build.0 = Release|Any CPU
		{1ACE06E9-81F8-4AB3-BDA5-C6EFF15E2267}.Debug|Any CPU.ActiveCfg = Debug|Any CPU
		{1ACE06E9-81F8-4AB3-BDA5-C6EFF15E2267}.Debug|Any CPU.Build.0 = Debug|Any CPU
		{1ACE06E9-81F8-4AB3-BDA5-C6EFF15E2267}.Documentation|Any CPU.ActiveCfg = Debug|Any CPU
		{1ACE06E9-81F8-4AB3-BDA5-C6EFF15E2267}.Documentation|Any CPU.Build.0 = Debug|Any CPU
		{1ACE06E9-81F8-4AB3-BDA5-C6EFF15E2267}.Release|Any CPU.ActiveCfg = Release|Any CPU
		{1ACE06E9-81F8-4AB3-BDA5-C6EFF15E2267}.Release|Any CPU.Build.0 = Release|Any CPU
		{0D4655F7-708C-4B9F-B903-39E8BB3029DC}.Debug|Any CPU.ActiveCfg = Debug|Any CPU
		{0D4655F7-708C-4B9F-B903-39E8BB3029DC}.Debug|Any CPU.Build.0 = Debug|Any CPU
		{0D4655F7-708C-4B9F-B903-39E8BB3029DC}.Documentation|Any CPU.ActiveCfg = Debug|Any CPU
		{0D4655F7-708C-4B9F-B903-39E8BB3029DC}.Documentation|Any CPU.Build.0 = Debug|Any CPU
		{0D4655F7-708C-4B9F-B903-39E8BB3029DC}.Release|Any CPU.ActiveCfg = Release|Any CPU
		{0D4655F7-708C-4B9F-B903-39E8BB3029DC}.Release|Any CPU.Build.0 = Release|Any CPU
		{E83C6C8C-773F-4B01-A597-3D38398A9373}.Debug|Any CPU.ActiveCfg = Debug|Any CPU
		{E83C6C8C-773F-4B01-A597-3D38398A9373}.Debug|Any CPU.Build.0 = Debug|Any CPU
		{E83C6C8C-773F-4B01-A597-3D38398A9373}.Documentation|Any CPU.ActiveCfg = Documentation|Any CPU
		{E83C6C8C-773F-4B01-A597-3D38398A9373}.Documentation|Any CPU.Build.0 = Documentation|Any CPU
		{E83C6C8C-773F-4B01-A597-3D38398A9373}.Release|Any CPU.ActiveCfg = Release|Any CPU
		{E83C6C8C-773F-4B01-A597-3D38398A9373}.Release|Any CPU.Build.0 = Release|Any CPU
		{15F2F105-C135-48EB-88BD-7014D12512AA}.Debug|Any CPU.ActiveCfg = Debug|Any CPU
		{15F2F105-C135-48EB-88BD-7014D12512AA}.Debug|Any CPU.Build.0 = Debug|Any CPU
		{15F2F105-C135-48EB-88BD-7014D12512AA}.Documentation|Any CPU.ActiveCfg = Debug|Any CPU
		{15F2F105-C135-48EB-88BD-7014D12512AA}.Documentation|Any CPU.Build.0 = Debug|Any CPU
		{15F2F105-C135-48EB-88BD-7014D12512AA}.Release|Any CPU.ActiveCfg = Release|Any CPU
		{15F2F105-C135-48EB-88BD-7014D12512AA}.Release|Any CPU.Build.0 = Release|Any CPU
		{7940544F-CC35-4FBA-887E-7CC0F262646C}.Debug|Any CPU.ActiveCfg = Debug|Any CPU
		{7940544F-CC35-4FBA-887E-7CC0F262646C}.Debug|Any CPU.Build.0 = Debug|Any CPU
		{7940544F-CC35-4FBA-887E-7CC0F262646C}.Documentation|Any CPU.ActiveCfg = Debug|Any CPU
		{7940544F-CC35-4FBA-887E-7CC0F262646C}.Documentation|Any CPU.Build.0 = Debug|Any CPU
		{7940544F-CC35-4FBA-887E-7CC0F262646C}.Release|Any CPU.ActiveCfg = Release|Any CPU
		{7940544F-CC35-4FBA-887E-7CC0F262646C}.Release|Any CPU.Build.0 = Release|Any CPU
		{544D5F4F-1CA0-4CF0-A62A-7B4D6BA97AEA}.Debug|Any CPU.ActiveCfg = Debug|Any CPU
		{544D5F4F-1CA0-4CF0-A62A-7B4D6BA97AEA}.Debug|Any CPU.Build.0 = Debug|Any CPU
		{544D5F4F-1CA0-4CF0-A62A-7B4D6BA97AEA}.Documentation|Any CPU.ActiveCfg = Debug|Any CPU
		{544D5F4F-1CA0-4CF0-A62A-7B4D6BA97AEA}.Documentation|Any CPU.Build.0 = Debug|Any CPU
		{544D5F4F-1CA0-4CF0-A62A-7B4D6BA97AEA}.Release|Any CPU.ActiveCfg = Release|Any CPU
		{544D5F4F-1CA0-4CF0-A62A-7B4D6BA97AEA}.Release|Any CPU.Build.0 = Release|Any CPU
		{7E2CBEF6-9945-42C4-A7DF-F9B8E2E68D44}.Debug|Any CPU.ActiveCfg = Debug|Any CPU
		{7E2CBEF6-9945-42C4-A7DF-F9B8E2E68D44}.Debug|Any CPU.Build.0 = Debug|Any CPU
		{7E2CBEF6-9945-42C4-A7DF-F9B8E2E68D44}.Documentation|Any CPU.ActiveCfg = Documentation|Any CPU
		{7E2CBEF6-9945-42C4-A7DF-F9B8E2E68D44}.Documentation|Any CPU.Build.0 = Documentation|Any CPU
		{7E2CBEF6-9945-42C4-A7DF-F9B8E2E68D44}.Release|Any CPU.ActiveCfg = Release|Any CPU
		{7E2CBEF6-9945-42C4-A7DF-F9B8E2E68D44}.Release|Any CPU.Build.0 = Release|Any CPU
		{B4F3862C-82BC-407F-8A84-5241F7321F9F}.Debug|Any CPU.ActiveCfg = Debug|Any CPU
		{B4F3862C-82BC-407F-8A84-5241F7321F9F}.Debug|Any CPU.Build.0 = Debug|Any CPU
		{B4F3862C-82BC-407F-8A84-5241F7321F9F}.Documentation|Any CPU.ActiveCfg = Debug|Any CPU
		{B4F3862C-82BC-407F-8A84-5241F7321F9F}.Documentation|Any CPU.Build.0 = Debug|Any CPU
		{B4F3862C-82BC-407F-8A84-5241F7321F9F}.Release|Any CPU.ActiveCfg = Release|Any CPU
		{B4F3862C-82BC-407F-8A84-5241F7321F9F}.Release|Any CPU.Build.0 = Release|Any CPU
		{3409EF64-BB1A-47DB-AB1B-38623CF6A251}.Debug|Any CPU.ActiveCfg = Debug|Any CPU
		{3409EF64-BB1A-47DB-AB1B-38623CF6A251}.Debug|Any CPU.Build.0 = Debug|Any CPU
		{3409EF64-BB1A-47DB-AB1B-38623CF6A251}.Documentation|Any CPU.ActiveCfg = Debug|Any CPU
		{3409EF64-BB1A-47DB-AB1B-38623CF6A251}.Documentation|Any CPU.Build.0 = Debug|Any CPU
		{3409EF64-BB1A-47DB-AB1B-38623CF6A251}.Release|Any CPU.ActiveCfg = Release|Any CPU
		{3409EF64-BB1A-47DB-AB1B-38623CF6A251}.Release|Any CPU.Build.0 = Release|Any CPU
	EndGlobalSection
	GlobalSection(SolutionProperties) = preSolution
		HideSolutionNode = FALSE
	EndGlobalSection
	GlobalSection(NestedProjects) = preSolution
		{E83C6C8C-773F-4B01-A597-3D38398A9362} = {3DA9803B-3850-4448-ADA9-DE41C81522DE}
		{535DFF14-EFB7-43F5-A4E1-71C1C4280040} = {3DA9803B-3850-4448-ADA9-DE41C81522DE}
		{A2376BBC-9FF4-47EB-BF57-913CBD850DAD} = {AAA2A7F4-2856-4404-9B77-09D7AF56DE9D}
		{D77877A7-F7CF-4DAD-BE6F-AE7A3BC9B942} = {AAA2A7F4-2856-4404-9B77-09D7AF56DE9D}
		{13E1266E-D868-4A7D-BF68-EE1E4AA2D308} = {FBBE72BB-AF27-4F54-BB40-419574C1D018}
		{D0A5DA23-00B5-41FD-8564-96246B1E222F} = {FABD1B90-611A-48D5-9D69-BC148E103030}
		{6C93866F-1894-4E82-9ACA-55927CAE914A} = {FABD1B90-611A-48D5-9D69-BC148E103030}
		{AC2AEBFF-69FF-405D-B7D9-6E5CB1DB914C} = {FABD1B90-611A-48D5-9D69-BC148E103030}
		{D7079298-1712-4B03-AD76-4EC53BFE8356} = {FABD1B90-611A-48D5-9D69-BC148E103030}
		{86DA1B42-FBF9-432B-A2D2-67A4F357F019} = {FABD1B90-611A-48D5-9D69-BC148E103030}
		{A62EF59E-7473-4C55-BED8-63CA0D896995} = {FABD1B90-611A-48D5-9D69-BC148E103030}
		{0BCE49E2-3597-4E32-AA3C-C465130C05C8} = {FABD1B90-611A-48D5-9D69-BC148E103030}
		{65D766D9-E113-4372-960B-01732B65D27D} = {FABD1B90-611A-48D5-9D69-BC148E103030}
		{EF8D2BF2-E81A-479A-BA4F-294C4C348B66} = {3DA9803B-3850-4448-ADA9-DE41C81522DE}
		{06099C3D-1697-4EB1-9F53-8A9A50B9EACD} = {3DA9803B-3850-4448-ADA9-DE41C81522DE}
		{C5D7BE20-038E-4B42-A90A-B13BAB83D8E5} = {3DA9803B-3850-4448-ADA9-DE41C81522DE}
		{3A771F0E-9400-4A19-8663-C71567EBFA29} = {3DA9803B-3850-4448-ADA9-DE41C81522DE}
		{EB3F3142-07F7-48CA-B38D-F611C45A9511} = {3A990509-B444-4341-A665-5FDA3E8748BD}
		{DB9AD987-EBD9-4F0C-8604-608A9028585C} = {3DA9803B-3850-4448-ADA9-DE41C81522DE}
		{CEA6079A-EFF1-4AE7-ACDC-EBAFC1555B02} = {3A990509-B444-4341-A665-5FDA3E8748BD}
		{1F9D1D4F-4CDE-4331-9EF8-D6A1D413CC6D} = {AAA2A7F4-2856-4404-9B77-09D7AF56DE9D}
		{0EE10CED-B863-4B5E-8AC2-443B2CC6EB7A} = {D10369A3-B01A-44C7-BBFB-AA6ACA7F05FC}
		{5AC3E55D-F2BD-45EB-9CC2-DD8BD36240EA} = {D10369A3-B01A-44C7-BBFB-AA6ACA7F05FC}
		{223BE288-7390-48C2-8C3D-6742287962DC} = {D10369A3-B01A-44C7-BBFB-AA6ACA7F05FC}
		{051D166B-3886-43FB-A3C6-6C6846EA6DF1} = {D10369A3-B01A-44C7-BBFB-AA6ACA7F05FC}
		{91816960-EB2D-4E4A-AE67-4EDC5BD38940} = {D10369A3-B01A-44C7-BBFB-AA6ACA7F05FC}
		{7A247F83-D97E-42FB-94D0-3ECD299038CC} = {FBBE72BB-AF27-4F54-BB40-419574C1D018}
		{30CAF4A3-698A-4BF6-93D5-43E2ABB22E6E} = {FBBE72BB-AF27-4F54-BB40-419574C1D018}
		{32AB85F9-BE37-46FC-8063-229AA373515A} = {FBBE72BB-AF27-4F54-BB40-419574C1D018}
		{1F7D08F0-FAFC-415E-852F-153AD39F1C96} = {FBBE72BB-AF27-4F54-BB40-419574C1D018}
		{21B3548E-ADA0-4137-ABC2-4FC256598E14} = {FBBE72BB-AF27-4F54-BB40-419574C1D018}
		{5AA2D0DE-06F3-4E9F-82B3-575A8B4006BF} = {FBBE72BB-AF27-4F54-BB40-419574C1D018}
		{85C34669-1B88-42BE-87BC-6734EA2ECE7A} = {FBBE72BB-AF27-4F54-BB40-419574C1D018}
		{64603273-9D14-4557-A63B-C2FCB063B454} = {D10369A3-B01A-44C7-BBFB-AA6ACA7F05FC}
		{0C4F4347-33C2-4A81-A1D5-306C46FDB0BD} = {64603273-9D14-4557-A63B-C2FCB063B454}
		{593E48A5-7BEA-4EEB-9302-D133BB98FF47} = {64603273-9D14-4557-A63B-C2FCB063B454}
		{22F634C4-97C1-4347-8994-A4F89D100AFB} = {FBBE72BB-AF27-4F54-BB40-419574C1D018}
		{E6A86E45-AE23-4422-BBDB-F84BF9EF100E} = {FBBE72BB-AF27-4F54-BB40-419574C1D018}
		{4BC29963-3419-4D9A-A301-BB63870381AE} = {FBBE72BB-AF27-4F54-BB40-419574C1D018}
		{770E6EBB-804F-415A-A9CA-E5B0383105F0} = {3DA9803B-3850-4448-ADA9-DE41C81522DE}
		{16D523F2-B871-4BDC-94EF-33B3DB7AE617} = {AAA2A7F4-2856-4404-9B77-09D7AF56DE9D}
		{16D523F2-B871-4BDC-94EF-33B3DB7AE618} = {AAA2A7F4-2856-4404-9B77-09D7AF56DE9D}
		{940AD5B6-6CCF-4BF5-936B-9366A87BA77B} = {AAA2A7F4-2856-4404-9B77-09D7AF56DE9D}
		{8D4EF4D6-BFD2-4E3F-99CE-C9CAE902E1AE} = {FBBE72BB-AF27-4F54-BB40-419574C1D018}
		{EAEE04E4-D7F6-46AC-B65A-E1B416B8D635} = {3DA9803B-3850-4448-ADA9-DE41C81522DE}
		{10CBAF73-E66B-47EC-A02C-DD6A078C671E} = {AAA2A7F4-2856-4404-9B77-09D7AF56DE9D}
		{1F7D08F1-FAFD-415F-852F-153AD39F1C96} = {FBBE72BB-AF27-4F54-BB40-419574C1D018}
		{1ACE06E9-81F8-4AB3-BDA5-C6EFF15E2267} = {64603273-9D14-4557-A63B-C2FCB063B454}
		{0D4655F7-708C-4B9F-B903-39E8BB3029DC} = {FBBE72BB-AF27-4F54-BB40-419574C1D018}
		{E83C6C8C-773F-4B01-A597-3D38398A9373} = {3DA9803B-3850-4448-ADA9-DE41C81522DE}
		{15F2F105-C135-48EB-88BD-7014D12512AA} = {FBBE72BB-AF27-4F54-BB40-419574C1D018}
		{7940544F-CC35-4FBA-887E-7CC0F262646C} = {FBBE72BB-AF27-4F54-BB40-419574C1D018}
		{544D5F4F-1CA0-4CF0-A62A-7B4D6BA97AEA} = {FBBE72BB-AF27-4F54-BB40-419574C1D018}
		{7E2CBEF6-9945-42C4-A7DF-F9B8E2E68D44} = {CCFBFA5A-6595-4E5B-B85B-E1699CC0B3CE}
		{B4F3862C-82BC-407F-8A84-5241F7321F9F} = {CCFBFA5A-6595-4E5B-B85B-E1699CC0B3CE}
		{3409EF64-BB1A-47DB-AB1B-38623CF6A251} = {FBBE72BB-AF27-4F54-BB40-419574C1D018}
	EndGlobalSection
	GlobalSection(ExtensibilityGlobals) = postSolution
		SolutionGuid = {EF30CE30-FC9E-4FC7-B9F0-DCA49411ACFC}
	EndGlobalSection
EndGlobal
